### YamlMime:ManagedReference
items:
- uid: NodaTime.SystemClock
  commentId: T:NodaTime.SystemClock
  id: SystemClock
  parent: NodaTime
  children:
  - NodaTime.SystemClock.GetCurrentInstant
  - NodaTime.SystemClock.Instance
  langs:
  - csharp
  - vb
  name: SystemClock
  nameWithType: SystemClock
  fullName: NodaTime.SystemClock
  type: Class
  source:
    remote:
      path: 2.0.x/src/NodaTime/SystemClock.cs
      branch: history
      repo: https://github.com/nodatime/nodatime.git
    id: SystemClock
    path: src/NodaTime/SystemClock.cs
    startLine: 16
  assemblies:
  - NodaTime
  namespace: NodaTime
  summary: "\nSingleton implementation of <xref href=\"NodaTime.IClock\" data-throw-if-not-resolved=\"false\"></xref> which reads the current system time.\nIt is recommended that for anything other than throwaway code, this is only referenced\nin a single place in your code: where you provide a value to inject into the rest of\nyour application, which should only depend on the interface.\n"
  example: []
  syntax:
    content: 'public sealed class SystemClock : IClock'
    content.vb: >-
      Public NotInheritable Class SystemClock
          Implements IClock
  inheritance:
  - System.Object
  implements:
  - NodaTime.IClock
  inheritedMembers:
  - System.Object.ToString
  - System.Object.Equals(System.Object)
  - System.Object.Equals(System.Object,System.Object)
  - System.Object.ReferenceEquals(System.Object,System.Object)
  - System.Object.GetHashCode
  - System.Object.GetType
  - System.Object.MemberwiseClone
  extensionMethods:
  - NodaTime.IClock.NodaTime.Extensions.ClockExtensions.InZone(NodaTime.DateTimeZone)
  - NodaTime.IClock.NodaTime.Extensions.ClockExtensions.InZone(NodaTime.DateTimeZone,NodaTime.CalendarSystem)
  - NodaTime.IClock.NodaTime.Extensions.ClockExtensions.InUtc
  - NodaTime.IClock.NodaTime.Extensions.ClockExtensions.InTzdbSystemDefaultZone
  - NodaTime.IClock.NodaTime.Extensions.ClockExtensions.InBclSystemDefaultZone
  modifiers.csharp:
  - public
  - sealed
  - class
  modifiers.vb:
  - Public
  - NotInheritable
  - Class
- uid: NodaTime.SystemClock.Instance
  commentId: P:NodaTime.SystemClock.Instance
  id: Instance
  parent: NodaTime.SystemClock
  langs:
  - csharp
  - vb
  name: Instance
  nameWithType: SystemClock.Instance
  fullName: NodaTime.SystemClock.Instance
  type: Property
  source:
    remote:
      path: 2.0.x/src/NodaTime/SystemClock.cs
      branch: history
      repo: https://github.com/nodatime/nodatime.git
    id: Instance
    path: src/NodaTime/SystemClock.cs
    startLine: 23
  assemblies:
  - NodaTime
  namespace: NodaTime
  summary: "\nThe singleton instance of <xref href=\"NodaTime.SystemClock\" data-throw-if-not-resolved=\"false\"></xref>.\n"
  example: []
  syntax:
    content: public static SystemClock Instance { get; }
    parameters: []
    return:
      type: NodaTime.SystemClock
      description: The singleton instance of <xref href="NodaTime.SystemClock" data-throw-if-not-resolved="false"></xref>.
    content.vb: Public Shared ReadOnly Property Instance As SystemClock
  overload: NodaTime.SystemClock.Instance*
  modifiers.csharp:
  - public
  - static
  - get
  modifiers.vb:
  - Public
  - Shared
  - ReadOnly
- uid: NodaTime.SystemClock.GetCurrentInstant
  commentId: M:NodaTime.SystemClock.GetCurrentInstant
  id: GetCurrentInstant
  parent: NodaTime.SystemClock
  langs:
  - csharp
  - vb
  name: GetCurrentInstant()
  nameWithType: SystemClock.GetCurrentInstant()
  fullName: NodaTime.SystemClock.GetCurrentInstant()
  type: Method
  source:
    remote:
      path: 2.0.x/src/NodaTime/SystemClock.cs
      branch: history
      repo: https://github.com/nodatime/nodatime.git
    id: GetCurrentInstant
    path: src/NodaTime/SystemClock.cs
    startLine: 36
  assemblies:
  - NodaTime
  namespace: NodaTime
  summary: "\nGets the current time as an <xref href=\"NodaTime.Instant\" data-throw-if-not-resolved=\"false\"></xref>.\n"
  example: []
  syntax:
    content: public Instant GetCurrentInstant()
    return:
      type: NodaTime.Instant
      description: The current time in ticks as an <xref href="NodaTime.Instant" data-throw-if-not-resolved="false"></xref>.
    content.vb: Public Function GetCurrentInstant As Instant
  overload: NodaTime.SystemClock.GetCurrentInstant*
  implements:
  - NodaTime.IClock.GetCurrentInstant
  modifiers.csharp:
  - public
  modifiers.vb:
  - Public
references:
- uid: NodaTime.IClock
  commentId: T:NodaTime.IClock
  parent: NodaTime
  name: IClock
  nameWithType: IClock
  fullName: NodaTime.IClock
- uid: NodaTime
  commentId: N:NodaTime
  name: NodaTime
  nameWithType: NodaTime
  fullName: NodaTime
- uid: System.Object
  commentId: T:System.Object
  parent: System
  isExternal: true
  name: Object
  nameWithType: Object
  fullName: System.Object
- uid: System.Object.ToString
  commentId: M:System.Object.ToString
  parent: System.Object
  isExternal: true
  name: ToString()
  nameWithType: Object.ToString()
  fullName: System.Object.ToString()
  spec.csharp:
  - uid: System.Object.ToString
    name: ToString
    nameWithType: Object.ToString
    fullName: System.Object.ToString
    isExternal: true
  - name: (
    nameWithType: (
    fullName: (
  - name: )
    nameWithType: )
    fullName: )
  spec.vb:
  - uid: System.Object.ToString
    name: ToString
    nameWithType: Object.ToString
    fullName: System.Object.ToString
    isExternal: true
  - name: (
    nameWithType: (
    fullName: (
  - name: )
    nameWithType: )
    fullName: )
- uid: System.Object.Equals(System.Object)
  commentId: M:System.Object.Equals(System.Object)
  parent: System.Object
  isExternal: true
  name: Equals(Object)
  nameWithType: Object.Equals(Object)
  fullName: System.Object.Equals(System.Object)
  spec.csharp:
  - uid: System.Object.Equals(System.Object)
    name: Equals
    nameWithType: Object.Equals
    fullName: System.Object.Equals
    isExternal: true
  - name: (
    nameWithType: (
    fullName: (
  - uid: System.Object
    name: Object
    nameWithType: Object
    fullName: System.Object
    isExternal: true
  - name: )
    nameWithType: )
    fullName: )
  spec.vb:
  - uid: System.Object.Equals(System.Object)
    name: Equals
    nameWithType: Object.Equals
    fullName: System.Object.Equals
    isExternal: true
  - name: (
    nameWithType: (
    fullName: (
  - uid: System.Object
    name: Object
    nameWithType: Object
    fullName: System.Object
    isExternal: true
  - name: )
    nameWithType: )
    fullName: )
- uid: System.Object.Equals(System.Object,System.Object)
  commentId: M:System.Object.Equals(System.Object,System.Object)
  parent: System.Object
  isExternal: true
  name: Equals(Object, Object)
  nameWithType: Object.Equals(Object, Object)
  fullName: System.Object.Equals(System.Object, System.Object)
  spec.csharp:
  - uid: System.Object.Equals(System.Object,System.Object)
    name: Equals
    nameWithType: Object.Equals
    fullName: System.Object.Equals
    isExternal: true
  - name: (
    nameWithType: (
    fullName: (
  - uid: System.Object
    name: Object
    nameWithType: Object
    fullName: System.Object
    isExternal: true
  - name: ', '
    nameWithType: ', '
    fullName: ', '
  - uid: System.Object
    name: Object
    nameWithType: Object
    fullName: System.Object
    isExternal: true
  - name: )
    nameWithType: )
    fullName: )
  spec.vb:
  - uid: System.Object.Equals(System.Object,System.Object)
    name: Equals
    nameWithType: Object.Equals
    fullName: System.Object.Equals
    isExternal: true
  - name: (
    nameWithType: (
    fullName: (
  - uid: System.Object
    name: Object
    nameWithType: Object
    fullName: System.Object
    isExternal: true
  - name: ', '
    nameWithType: ', '
    fullName: ', '
  - uid: System.Object
    name: Object
    nameWithType: Object
    fullName: System.Object
    isExternal: true
  - name: )
    nameWithType: )
    fullName: )
- uid: System.Object.ReferenceEquals(System.Object,System.Object)
  commentId: M:System.Object.ReferenceEquals(System.Object,System.Object)
  parent: System.Object
  isExternal: true
  name: ReferenceEquals(Object, Object)
  nameWithType: Object.ReferenceEquals(Object, Object)
  fullName: System.Object.ReferenceEquals(System.Object, System.Object)
  spec.csharp:
  - uid: System.Object.ReferenceEquals(System.Object,System.Object)
    name: ReferenceEquals
    nameWithType: Object.ReferenceEquals
    fullName: System.Object.ReferenceEquals
    isExternal: true
  - name: (
    nameWithType: (
    fullName: (
  - uid: System.Object
    name: Object
    nameWithType: Object
    fullName: System.Object
    isExternal: true
  - name: ', '
    nameWithType: ', '
    fullName: ', '
  - uid: System.Object
    name: Object
    nameWithType: Object
    fullName: System.Object
    isExternal: true
  - name: )
    nameWithType: )
    fullName: )
  spec.vb:
  - uid: System.Object.ReferenceEquals(System.Object,System.Object)
    name: ReferenceEquals
    nameWithType: Object.ReferenceEquals
    fullName: System.Object.ReferenceEquals
    isExternal: true
  - name: (
    nameWithType: (
    fullName: (
  - uid: System.Object
    name: Object
    nameWithType: Object
    fullName: System.Object
    isExternal: true
  - name: ', '
    nameWithType: ', '
    fullName: ', '
  - uid: System.Object
    name: Object
    nameWithType: Object
    fullName: System.Object
    isExternal: true
  - name: )
    nameWithType: )
    fullName: )
- uid: System.Object.GetHashCode
  commentId: M:System.Object.GetHashCode
  parent: System.Object
  isExternal: true
  name: GetHashCode()
  nameWithType: Object.GetHashCode()
  fullName: System.Object.GetHashCode()
  spec.csharp:
  - uid: System.Object.GetHashCode
    name: GetHashCode
    nameWithType: Object.GetHashCode
    fullName: System.Object.GetHashCode
    isExternal: true
  - name: (
    nameWithType: (
    fullName: (
  - name: )
    nameWithType: )
    fullName: )
  spec.vb:
  - uid: System.Object.GetHashCode
    name: GetHashCode
    nameWithType: Object.GetHashCode
    fullName: System.Object.GetHashCode
    isExternal: true
  - name: (
    nameWithType: (
    fullName: (
  - name: )
    nameWithType: )
    fullName: )
- uid: System.Object.GetType
  commentId: M:System.Object.GetType
  parent: System.Object
  isExternal: true
  name: GetType()
  nameWithType: Object.GetType()
  fullName: System.Object.GetType()
  spec.csharp:
  - uid: System.Object.GetType
    name: GetType
    nameWithType: Object.GetType
    fullName: System.Object.GetType
    isExternal: true
  - name: (
    nameWithType: (
    fullName: (
  - name: )
    nameWithType: )
    fullName: )
  spec.vb:
  - uid: System.Object.GetType
    name: GetType
    nameWithType: Object.GetType
    fullName: System.Object.GetType
    isExternal: true
  - name: (
    nameWithType: (
    fullName: (
  - name: )
    nameWithType: )
    fullName: )
- uid: System.Object.MemberwiseClone
  commentId: M:System.Object.MemberwiseClone
  parent: System.Object
  isExternal: true
  name: MemberwiseClone()
  nameWithType: Object.MemberwiseClone()
  fullName: System.Object.MemberwiseClone()
  spec.csharp:
  - uid: System.Object.MemberwiseClone
    name: MemberwiseClone
    nameWithType: Object.MemberwiseClone
    fullName: System.Object.MemberwiseClone
    isExternal: true
  - name: (
    nameWithType: (
    fullName: (
  - name: )
    nameWithType: )
    fullName: )
  spec.vb:
  - uid: System.Object.MemberwiseClone
    name: MemberwiseClone
    nameWithType: Object.MemberwiseClone
    fullName: System.Object.MemberwiseClone
    isExternal: true
  - name: (
    nameWithType: (
    fullName: (
  - name: )
    nameWithType: )
    fullName: )
- uid: NodaTime.IClock.NodaTime.Extensions.ClockExtensions.InZone(NodaTime.DateTimeZone)
  commentId: M:NodaTime.Extensions.ClockExtensions.InZone(NodaTime.IClock,NodaTime.DateTimeZone)
  parent: NodaTime.Extensions.ClockExtensions
  definition: NodaTime.Extensions.ClockExtensions.InZone(NodaTime.IClock,NodaTime.DateTimeZone)
  name: InZone(DateTimeZone)
  nameWithType: ClockExtensions.InZone(DateTimeZone)
  fullName: NodaTime.Extensions.ClockExtensions.InZone(NodaTime.DateTimeZone)
  spec.csharp:
  - uid: NodaTime.Extensions.ClockExtensions.InZone(NodaTime.DateTimeZone)
    name: InZone
    nameWithType: ClockExtensions.InZone
    fullName: NodaTime.Extensions.ClockExtensions.InZone
  - name: (
    nameWithType: (
    fullName: (
  - uid: NodaTime.DateTimeZone
    name: DateTimeZone
    nameWithType: DateTimeZone
    fullName: NodaTime.DateTimeZone
  - name: )
    nameWithType: )
    fullName: )
  spec.vb:
  - uid: NodaTime.Extensions.ClockExtensions.InZone(NodaTime.DateTimeZone)
    name: InZone
    nameWithType: ClockExtensions.InZone
    fullName: NodaTime.Extensions.ClockExtensions.InZone
  - name: (
    nameWithType: (
    fullName: (
  - uid: NodaTime.DateTimeZone
    name: DateTimeZone
    nameWithType: DateTimeZone
    fullName: NodaTime.DateTimeZone
  - name: )
    nameWithType: )
    fullName: )
- uid: NodaTime.IClock.NodaTime.Extensions.ClockExtensions.InZone(NodaTime.DateTimeZone,NodaTime.CalendarSystem)
  commentId: M:NodaTime.Extensions.ClockExtensions.InZone(NodaTime.IClock,NodaTime.DateTimeZone,NodaTime.CalendarSystem)
  parent: NodaTime.Extensions.ClockExtensions
  definition: NodaTime.Extensions.ClockExtensions.InZone(NodaTime.IClock,NodaTime.DateTimeZone,NodaTime.CalendarSystem)
  name: InZone(DateTimeZone, CalendarSystem)
  nameWithType: ClockExtensions.InZone(DateTimeZone, CalendarSystem)
  fullName: NodaTime.Extensions.ClockExtensions.InZone(NodaTime.DateTimeZone, NodaTime.CalendarSystem)
  spec.csharp:
  - uid: NodaTime.Extensions.ClockExtensions.InZone(NodaTime.DateTimeZone,NodaTime.CalendarSystem)
    name: InZone
    nameWithType: ClockExtensions.InZone
    fullName: NodaTime.Extensions.ClockExtensions.InZone
  - name: (
    nameWithType: (
    fullName: (
  - uid: NodaTime.DateTimeZone
    name: DateTimeZone
    nameWithType: DateTimeZone
    fullName: NodaTime.DateTimeZone
  - name: ', '
    nameWithType: ', '
    fullName: ', '
  - uid: NodaTime.CalendarSystem
    name: CalendarSystem
    nameWithType: CalendarSystem
    fullName: NodaTime.CalendarSystem
  - name: )
    nameWithType: )
    fullName: )
  spec.vb:
  - uid: NodaTime.Extensions.ClockExtensions.InZone(NodaTime.DateTimeZone,NodaTime.CalendarSystem)
    name: InZone
    nameWithType: ClockExtensions.InZone
    fullName: NodaTime.Extensions.ClockExtensions.InZone
  - name: (
    nameWithType: (
    fullName: (
  - uid: NodaTime.DateTimeZone
    name: DateTimeZone
    nameWithType: DateTimeZone
    fullName: NodaTime.DateTimeZone
  - name: ', '
    nameWithType: ', '
    fullName: ', '
  - uid: NodaTime.CalendarSystem
    name: CalendarSystem
    nameWithType: CalendarSystem
    fullName: NodaTime.CalendarSystem
  - name: )
    nameWithType: )
    fullName: )
- uid: NodaTime.IClock.NodaTime.Extensions.ClockExtensions.InUtc
  commentId: M:NodaTime.Extensions.ClockExtensions.InUtc(NodaTime.IClock)
  parent: NodaTime.Extensions.ClockExtensions
  definition: NodaTime.Extensions.ClockExtensions.InUtc(NodaTime.IClock)
  name: InUtc()
  nameWithType: ClockExtensions.InUtc()
  fullName: NodaTime.Extensions.ClockExtensions.InUtc()
  spec.csharp:
  - uid: NodaTime.Extensions.ClockExtensions.InUtc
    name: InUtc
    nameWithType: ClockExtensions.InUtc
    fullName: NodaTime.Extensions.ClockExtensions.InUtc
  - name: (
    nameWithType: (
    fullName: (
  - name: )
    nameWithType: )
    fullName: )
  spec.vb:
  - uid: NodaTime.Extensions.ClockExtensions.InUtc
    name: InUtc
    nameWithType: ClockExtensions.InUtc
    fullName: NodaTime.Extensions.ClockExtensions.InUtc
  - name: (
    nameWithType: (
    fullName: (
  - name: )
    nameWithType: )
    fullName: )
- uid: NodaTime.IClock.NodaTime.Extensions.ClockExtensions.InTzdbSystemDefaultZone
  commentId: M:NodaTime.Extensions.ClockExtensions.InTzdbSystemDefaultZone(NodaTime.IClock)
  parent: NodaTime.Extensions.ClockExtensions
  definition: NodaTime.Extensions.ClockExtensions.InTzdbSystemDefaultZone(NodaTime.IClock)
  name: InTzdbSystemDefaultZone()
  nameWithType: ClockExtensions.InTzdbSystemDefaultZone()
  fullName: NodaTime.Extensions.ClockExtensions.InTzdbSystemDefaultZone()
  spec.csharp:
  - uid: NodaTime.Extensions.ClockExtensions.InTzdbSystemDefaultZone
    name: InTzdbSystemDefaultZone
    nameWithType: ClockExtensions.InTzdbSystemDefaultZone
    fullName: NodaTime.Extensions.ClockExtensions.InTzdbSystemDefaultZone
  - name: (
    nameWithType: (
    fullName: (
  - name: )
    nameWithType: )
    fullName: )
  spec.vb:
  - uid: NodaTime.Extensions.ClockExtensions.InTzdbSystemDefaultZone
    name: InTzdbSystemDefaultZone
    nameWithType: ClockExtensions.InTzdbSystemDefaultZone
    fullName: NodaTime.Extensions.ClockExtensions.InTzdbSystemDefaultZone
  - name: (
    nameWithType: (
    fullName: (
  - name: )
    nameWithType: )
    fullName: )
- uid: NodaTime.IClock.NodaTime.Extensions.ClockExtensions.InBclSystemDefaultZone
  commentId: M:NodaTime.Extensions.ClockExtensions.InBclSystemDefaultZone(NodaTime.IClock)
  parent: NodaTime.Extensions.ClockExtensions
  definition: NodaTime.Extensions.ClockExtensions.InBclSystemDefaultZone(NodaTime.IClock)
  name: InBclSystemDefaultZone()
  nameWithType: ClockExtensions.InBclSystemDefaultZone()
  fullName: NodaTime.Extensions.ClockExtensions.InBclSystemDefaultZone()
  spec.csharp:
  - uid: NodaTime.Extensions.ClockExtensions.InBclSystemDefaultZone
    name: InBclSystemDefaultZone
    nameWithType: ClockExtensions.InBclSystemDefaultZone
    fullName: NodaTime.Extensions.ClockExtensions.InBclSystemDefaultZone
  - name: (
    nameWithType: (
    fullName: (
  - name: )
    nameWithType: )
    fullName: )
  spec.vb:
  - uid: NodaTime.Extensions.ClockExtensions.InBclSystemDefaultZone
    name: InBclSystemDefaultZone
    nameWithType: ClockExtensions.InBclSystemDefaultZone
    fullName: NodaTime.Extensions.ClockExtensions.InBclSystemDefaultZone
  - name: (
    nameWithType: (
    fullName: (
  - name: )
    nameWithType: )
    fullName: )
- uid: System
  commentId: N:System
  isExternal: true
  name: System
  nameWithType: System
  fullName: System
- uid: NodaTime.Extensions.ClockExtensions.InZone(NodaTime.IClock,NodaTime.DateTimeZone)
  commentId: M:NodaTime.Extensions.ClockExtensions.InZone(NodaTime.IClock,NodaTime.DateTimeZone)
  name: InZone(IClock, DateTimeZone)
  nameWithType: ClockExtensions.InZone(IClock, DateTimeZone)
  fullName: NodaTime.Extensions.ClockExtensions.InZone(NodaTime.IClock, NodaTime.DateTimeZone)
  spec.csharp:
  - uid: NodaTime.Extensions.ClockExtensions.InZone(NodaTime.IClock,NodaTime.DateTimeZone)
    name: InZone
    nameWithType: ClockExtensions.InZone
    fullName: NodaTime.Extensions.ClockExtensions.InZone
  - name: (
    nameWithType: (
    fullName: (
  - uid: NodaTime.IClock
    name: IClock
    nameWithType: IClock
    fullName: NodaTime.IClock
  - name: ', '
    nameWithType: ', '
    fullName: ', '
  - uid: NodaTime.DateTimeZone
    name: DateTimeZone
    nameWithType: DateTimeZone
    fullName: NodaTime.DateTimeZone
  - name: )
    nameWithType: )
    fullName: )
  spec.vb:
  - uid: NodaTime.Extensions.ClockExtensions.InZone(NodaTime.IClock,NodaTime.DateTimeZone)
    name: InZone
    nameWithType: ClockExtensions.InZone
    fullName: NodaTime.Extensions.ClockExtensions.InZone
  - name: (
    nameWithType: (
    fullName: (
  - uid: NodaTime.IClock
    name: IClock
    nameWithType: IClock
    fullName: NodaTime.IClock
  - name: ', '
    nameWithType: ', '
    fullName: ', '
  - uid: NodaTime.DateTimeZone
    name: DateTimeZone
    nameWithType: DateTimeZone
    fullName: NodaTime.DateTimeZone
  - name: )
    nameWithType: )
    fullName: )
- uid: NodaTime.Extensions.ClockExtensions
  commentId: T:NodaTime.Extensions.ClockExtensions
  parent: NodaTime.Extensions
  name: ClockExtensions
  nameWithType: ClockExtensions
  fullName: NodaTime.Extensions.ClockExtensions
- uid: NodaTime.Extensions.ClockExtensions.InZone(NodaTime.IClock,NodaTime.DateTimeZone,NodaTime.CalendarSystem)
  commentId: M:NodaTime.Extensions.ClockExtensions.InZone(NodaTime.IClock,NodaTime.DateTimeZone,NodaTime.CalendarSystem)
  name: InZone(IClock, DateTimeZone, CalendarSystem)
  nameWithType: ClockExtensions.InZone(IClock, DateTimeZone, CalendarSystem)
  fullName: NodaTime.Extensions.ClockExtensions.InZone(NodaTime.IClock, NodaTime.DateTimeZone, NodaTime.CalendarSystem)
  spec.csharp:
  - uid: NodaTime.Extensions.ClockExtensions.InZone(NodaTime.IClock,NodaTime.DateTimeZone,NodaTime.CalendarSystem)
    name: InZone
    nameWithType: ClockExtensions.InZone
    fullName: NodaTime.Extensions.ClockExtensions.InZone
  - name: (
    nameWithType: (
    fullName: (
  - uid: NodaTime.IClock
    name: IClock
    nameWithType: IClock
    fullName: NodaTime.IClock
  - name: ', '
    nameWithType: ', '
    fullName: ', '
  - uid: NodaTime.DateTimeZone
    name: DateTimeZone
    nameWithType: DateTimeZone
    fullName: NodaTime.DateTimeZone
  - name: ', '
    nameWithType: ', '
    fullName: ', '
  - uid: NodaTime.CalendarSystem
    name: CalendarSystem
    nameWithType: CalendarSystem
    fullName: NodaTime.CalendarSystem
  - name: )
    nameWithType: )
    fullName: )
  spec.vb:
  - uid: NodaTime.Extensions.ClockExtensions.InZone(NodaTime.IClock,NodaTime.DateTimeZone,NodaTime.CalendarSystem)
    name: InZone
    nameWithType: ClockExtensions.InZone
    fullName: NodaTime.Extensions.ClockExtensions.InZone
  - name: (
    nameWithType: (
    fullName: (
  - uid: NodaTime.IClock
    name: IClock
    nameWithType: IClock
    fullName: NodaTime.IClock
  - name: ', '
    nameWithType: ', '
    fullName: ', '
  - uid: NodaTime.DateTimeZone
    name: DateTimeZone
    nameWithType: DateTimeZone
    fullName: NodaTime.DateTimeZone
  - name: ', '
    nameWithType: ', '
    fullName: ', '
  - uid: NodaTime.CalendarSystem
    name: CalendarSystem
    nameWithType: CalendarSystem
    fullName: NodaTime.CalendarSystem
  - name: )
    nameWithType: )
    fullName: )
- uid: NodaTime.Extensions.ClockExtensions.InUtc(NodaTime.IClock)
  commentId: M:NodaTime.Extensions.ClockExtensions.InUtc(NodaTime.IClock)
  name: InUtc(IClock)
  nameWithType: ClockExtensions.InUtc(IClock)
  fullName: NodaTime.Extensions.ClockExtensions.InUtc(NodaTime.IClock)
  spec.csharp:
  - uid: NodaTime.Extensions.ClockExtensions.InUtc(NodaTime.IClock)
    name: InUtc
    nameWithType: ClockExtensions.InUtc
    fullName: NodaTime.Extensions.ClockExtensions.InUtc
  - name: (
    nameWithType: (
    fullName: (
  - uid: NodaTime.IClock
    name: IClock
    nameWithType: IClock
    fullName: NodaTime.IClock
  - name: )
    nameWithType: )
    fullName: )
  spec.vb:
  - uid: NodaTime.Extensions.ClockExtensions.InUtc(NodaTime.IClock)
    name: InUtc
    nameWithType: ClockExtensions.InUtc
    fullName: NodaTime.Extensions.ClockExtensions.InUtc
  - name: (
    nameWithType: (
    fullName: (
  - uid: NodaTime.IClock
    name: IClock
    nameWithType: IClock
    fullName: NodaTime.IClock
  - name: )
    nameWithType: )
    fullName: )
- uid: NodaTime.Extensions.ClockExtensions.InTzdbSystemDefaultZone(NodaTime.IClock)
  commentId: M:NodaTime.Extensions.ClockExtensions.InTzdbSystemDefaultZone(NodaTime.IClock)
  name: InTzdbSystemDefaultZone(IClock)
  nameWithType: ClockExtensions.InTzdbSystemDefaultZone(IClock)
  fullName: NodaTime.Extensions.ClockExtensions.InTzdbSystemDefaultZone(NodaTime.IClock)
  spec.csharp:
  - uid: NodaTime.Extensions.ClockExtensions.InTzdbSystemDefaultZone(NodaTime.IClock)
    name: InTzdbSystemDefaultZone
    nameWithType: ClockExtensions.InTzdbSystemDefaultZone
    fullName: NodaTime.Extensions.ClockExtensions.InTzdbSystemDefaultZone
  - name: (
    nameWithType: (
    fullName: (
  - uid: NodaTime.IClock
    name: IClock
    nameWithType: IClock
    fullName: NodaTime.IClock
  - name: )
    nameWithType: )
    fullName: )
  spec.vb:
  - uid: NodaTime.Extensions.ClockExtensions.InTzdbSystemDefaultZone(NodaTime.IClock)
    name: InTzdbSystemDefaultZone
    nameWithType: ClockExtensions.InTzdbSystemDefaultZone
    fullName: NodaTime.Extensions.ClockExtensions.InTzdbSystemDefaultZone
  - name: (
    nameWithType: (
    fullName: (
  - uid: NodaTime.IClock
    name: IClock
    nameWithType: IClock
    fullName: NodaTime.IClock
  - name: )
    nameWithType: )
    fullName: )
- uid: NodaTime.Extensions.ClockExtensions.InBclSystemDefaultZone(NodaTime.IClock)
  commentId: M:NodaTime.Extensions.ClockExtensions.InBclSystemDefaultZone(NodaTime.IClock)
  name: InBclSystemDefaultZone(IClock)
  nameWithType: ClockExtensions.InBclSystemDefaultZone(IClock)
  fullName: NodaTime.Extensions.ClockExtensions.InBclSystemDefaultZone(NodaTime.IClock)
  spec.csharp:
  - uid: NodaTime.Extensions.ClockExtensions.InBclSystemDefaultZone(NodaTime.IClock)
    name: InBclSystemDefaultZone
    nameWithType: ClockExtensions.InBclSystemDefaultZone
    fullName: NodaTime.Extensions.ClockExtensions.InBclSystemDefaultZone
  - name: (
    nameWithType: (
    fullName: (
  - uid: NodaTime.IClock
    name: IClock
    nameWithType: IClock
    fullName: NodaTime.IClock
  - name: )
    nameWithType: )
    fullName: )
  spec.vb:
  - uid: NodaTime.Extensions.ClockExtensions.InBclSystemDefaultZone(NodaTime.IClock)
    name: InBclSystemDefaultZone
    nameWithType: ClockExtensions.InBclSystemDefaultZone
    fullName: NodaTime.Extensions.ClockExtensions.InBclSystemDefaultZone
  - name: (
    nameWithType: (
    fullName: (
  - uid: NodaTime.IClock
    name: IClock
    nameWithType: IClock
    fullName: NodaTime.IClock
  - name: )
    nameWithType: )
    fullName: )
- uid: NodaTime.Extensions
  commentId: N:NodaTime.Extensions
  name: NodaTime.Extensions
  nameWithType: NodaTime.Extensions
  fullName: NodaTime.Extensions
- uid: NodaTime.SystemClock
  commentId: T:NodaTime.SystemClock
  parent: NodaTime
  name: SystemClock
  nameWithType: SystemClock
  fullName: NodaTime.SystemClock
- uid: NodaTime.SystemClock.Instance*
  commentId: Overload:NodaTime.SystemClock.Instance
  name: Instance
  nameWithType: SystemClock.Instance
  fullName: NodaTime.SystemClock.Instance
- uid: NodaTime.Instant
  commentId: T:NodaTime.Instant
  parent: NodaTime
  name: Instant
  nameWithType: Instant
  fullName: NodaTime.Instant
- uid: NodaTime.SystemClock.GetCurrentInstant*
  commentId: Overload:NodaTime.SystemClock.GetCurrentInstant
  name: GetCurrentInstant
  nameWithType: SystemClock.GetCurrentInstant
  fullName: NodaTime.SystemClock.GetCurrentInstant
- uid: NodaTime.IClock.GetCurrentInstant
  commentId: M:NodaTime.IClock.GetCurrentInstant
  parent: NodaTime.IClock
  name: GetCurrentInstant()
  nameWithType: IClock.GetCurrentInstant()
  fullName: NodaTime.IClock.GetCurrentInstant()
  spec.csharp:
  - uid: NodaTime.IClock.GetCurrentInstant
    name: GetCurrentInstant
    nameWithType: IClock.GetCurrentInstant
    fullName: NodaTime.IClock.GetCurrentInstant
  - name: (
    nameWithType: (
    fullName: (
  - name: )
    nameWithType: )
    fullName: )
  spec.vb:
  - uid: NodaTime.IClock.GetCurrentInstant
    name: GetCurrentInstant
    nameWithType: IClock.GetCurrentInstant
    fullName: NodaTime.IClock.GetCurrentInstant
  - name: (
    nameWithType: (
    fullName: (
  - name: )
    nameWithType: )
    fullName: )
shouldSkipMarkup: true
