### YamlMime:ManagedReference
items:
- uid: NodaTime.ZonedClock
  commentId: T:NodaTime.ZonedClock
  id: ZonedClock
  parent: NodaTime
  children:
  - NodaTime.ZonedClock.#ctor(NodaTime.IClock,NodaTime.DateTimeZone,NodaTime.CalendarSystem)
  - NodaTime.ZonedClock.Calendar
  - NodaTime.ZonedClock.Clock
  - NodaTime.ZonedClock.GetCurrentDate
  - NodaTime.ZonedClock.GetCurrentInstant
  - NodaTime.ZonedClock.GetCurrentLocalDateTime
  - NodaTime.ZonedClock.GetCurrentOffsetDateTime
  - NodaTime.ZonedClock.GetCurrentTimeOfDay
  - NodaTime.ZonedClock.GetCurrentZonedDateTime
  - NodaTime.ZonedClock.Zone
  langs:
  - csharp
  - vb
  name: ZonedClock
  nameWithType: ZonedClock
  fullName: NodaTime.ZonedClock
  type: Class
  assemblies:
  - NodaTime
  namespace: NodaTime
  summary: >-
    A clock with an associated time zone and calendar. This is effectively a convenience

    class decorating an <xref href="NodaTime.IClock" data-throw-if-not-resolved="false"></xref>.
  example: []
  syntax:
    content: 'public sealed class ZonedClock : IClock'
    content.vb: Public NotInheritable Class ZonedClock Implements IClock
  inheritance:
  - System.Object
  implements:
  - NodaTime.IClock
  inheritedMembers:
  - System.Object.Equals(System.Object)
  - System.Object.Equals(System.Object,System.Object)
  - System.Object.GetHashCode
  - System.Object.GetType
  - System.Object.ReferenceEquals(System.Object,System.Object)
  - System.Object.ToString
  extensionMethods:
  - NodaTime.IClock.NodaTime.Extensions.ClockExtensions.InBclSystemDefaultZone
  - NodaTime.IClock.NodaTime.Extensions.ClockExtensions.InTzdbSystemDefaultZone
  - NodaTime.IClock.NodaTime.Extensions.ClockExtensions.InUtc
  - NodaTime.IClock.NodaTime.Extensions.ClockExtensions.InZone(NodaTime.DateTimeZone)
  - NodaTime.IClock.NodaTime.Extensions.ClockExtensions.InZone(NodaTime.DateTimeZone,NodaTime.CalendarSystem)
- uid: NodaTime.ZonedClock.Clock
  commentId: P:NodaTime.ZonedClock.Clock
  id: Clock
  parent: NodaTime.ZonedClock
  langs:
  - csharp
  - vb
  name: Clock
  nameWithType: ZonedClock.Clock
  fullName: NodaTime.ZonedClock.Clock
  type: Property
  assemblies:
  - NodaTime
  namespace: NodaTime
  summary: Gets the clock used to provide the current instant.
  example: []
  syntax:
    content: public IClock Clock { get; }
    parameters: []
    return:
      type: NodaTime.IClock
      description: The clock associated with this zoned clock.
    content.vb: Public ReadOnly Property Clock As IClock
  overload: NodaTime.ZonedClock.Clock*
- uid: NodaTime.ZonedClock.Zone
  commentId: P:NodaTime.ZonedClock.Zone
  id: Zone
  parent: NodaTime.ZonedClock
  langs:
  - csharp
  - vb
  name: Zone
  nameWithType: ZonedClock.Zone
  fullName: NodaTime.ZonedClock.Zone
  type: Property
  assemblies:
  - NodaTime
  namespace: NodaTime
  summary: Gets the time zone used when converting the current instant into a zone-sensitive value.
  example: []
  syntax:
    content: public DateTimeZone Zone { get; }
    parameters: []
    return:
      type: NodaTime.DateTimeZone
      description: The time zone associated with this zoned clock.
    content.vb: Public ReadOnly Property Zone As DateTimeZone
  overload: NodaTime.ZonedClock.Zone*
- uid: NodaTime.ZonedClock.Calendar
  commentId: P:NodaTime.ZonedClock.Calendar
  id: Calendar
  parent: NodaTime.ZonedClock
  langs:
  - csharp
  - vb
  name: Calendar
  nameWithType: ZonedClock.Calendar
  fullName: NodaTime.ZonedClock.Calendar
  type: Property
  assemblies:
  - NodaTime
  namespace: NodaTime
  summary: Gets the calendar system used when converting the current instant into a calendar-sensitive value.
  example: []
  syntax:
    content: public CalendarSystem Calendar { get; }
    parameters: []
    return:
      type: NodaTime.CalendarSystem
      description: The calendar system associated with this zoned clock.
    content.vb: Public ReadOnly Property Calendar As CalendarSystem
  overload: NodaTime.ZonedClock.Calendar*
- uid: NodaTime.ZonedClock.#ctor(NodaTime.IClock,NodaTime.DateTimeZone,NodaTime.CalendarSystem)
  commentId: M:NodaTime.ZonedClock.#ctor(NodaTime.IClock,NodaTime.DateTimeZone,NodaTime.CalendarSystem)
  id: '#ctor(NodaTime.IClock,NodaTime.DateTimeZone,NodaTime.CalendarSystem)'
  parent: NodaTime.ZonedClock
  langs:
  - csharp
  - vb
  name: ZonedClock(IClock, DateTimeZone, CalendarSystem)
  nameWithType: ZonedClock.ZonedClock(IClock, DateTimeZone, CalendarSystem)
  fullName: NodaTime.ZonedClock.ZonedClock(NodaTime.IClock, NodaTime.DateTimeZone, NodaTime.CalendarSystem)
  type: Constructor
  assemblies:
  - NodaTime
  namespace: NodaTime
  summary: Creates a new <xref href="NodaTime.ZonedClock" data-throw-if-not-resolved="false"></xref> with the given clock, time zone and calendar system.
  example: []
  syntax:
    content: public ZonedClock(IClock clock, DateTimeZone zone, CalendarSystem calendar)
    parameters:
    - id: clock
      type: NodaTime.IClock
      description: Clock to use to obtain instants.
    - id: zone
      type: NodaTime.DateTimeZone
      description: Time zone to adjust instants into.
    - id: calendar
      type: NodaTime.CalendarSystem
      description: Calendar system to use.
    content.vb: Public Sub New(clock As IClock, zone As DateTimeZone, calendar As CalendarSystem)
  overload: NodaTime.ZonedClock.#ctor*
  nameWithType.vb: ZonedClock.New(IClock, DateTimeZone, CalendarSystem)
  fullName.vb: NodaTime.ZonedClock.New(NodaTime.IClock, NodaTime.DateTimeZone, NodaTime.CalendarSystem)
  name.vb: New(IClock, DateTimeZone, CalendarSystem)
- uid: NodaTime.ZonedClock.GetCurrentInstant
  commentId: M:NodaTime.ZonedClock.GetCurrentInstant
  id: GetCurrentInstant
  parent: NodaTime.ZonedClock
  langs:
  - csharp
  - vb
  name: GetCurrentInstant()
  nameWithType: ZonedClock.GetCurrentInstant()
  fullName: NodaTime.ZonedClock.GetCurrentInstant()
  type: Method
  assemblies:
  - NodaTime
  namespace: NodaTime
  summary: Returns the current instant provided by the underlying clock.
  example: []
  syntax:
    content: public Instant GetCurrentInstant()
    return:
      type: NodaTime.Instant
      description: The current instant provided by the underlying clock.
    content.vb: Public Function GetCurrentInstant() As Instant
  overload: NodaTime.ZonedClock.GetCurrentInstant*
  implements:
  - NodaTime.IClock.GetCurrentInstant
- uid: NodaTime.ZonedClock.GetCurrentZonedDateTime
  commentId: M:NodaTime.ZonedClock.GetCurrentZonedDateTime
  id: GetCurrentZonedDateTime
  parent: NodaTime.ZonedClock
  langs:
  - csharp
  - vb
  name: GetCurrentZonedDateTime()
  nameWithType: ZonedClock.GetCurrentZonedDateTime()
  fullName: NodaTime.ZonedClock.GetCurrentZonedDateTime()
  type: Method
  assemblies:
  - NodaTime
  namespace: NodaTime
  summary: >-
    Returns the current instant provided by the underlying clock, adjusted

    to the time zone of this object.
  example: []
  syntax:
    content: public ZonedDateTime GetCurrentZonedDateTime()
    return:
      type: NodaTime.ZonedDateTime
      description: >-
        The current instant provided by the underlying clock, adjusted to the
            time zone of this object.
    content.vb: Public Function GetCurrentZonedDateTime() As ZonedDateTime
  overload: NodaTime.ZonedClock.GetCurrentZonedDateTime*
- uid: NodaTime.ZonedClock.GetCurrentLocalDateTime
  commentId: M:NodaTime.ZonedClock.GetCurrentLocalDateTime
  id: GetCurrentLocalDateTime
  parent: NodaTime.ZonedClock
  langs:
  - csharp
  - vb
  name: GetCurrentLocalDateTime()
  nameWithType: ZonedClock.GetCurrentLocalDateTime()
  fullName: NodaTime.ZonedClock.GetCurrentLocalDateTime()
  type: Method
  assemblies:
  - NodaTime
  namespace: NodaTime
  summary: >-
    Returns the local date/time of the current instant provided by the underlying clock, adjusted

    to the time zone of this object.
  example: []
  syntax:
    content: public LocalDateTime GetCurrentLocalDateTime()
    return:
      type: NodaTime.LocalDateTime
      description: >-
        The local date/time of the current instant provided by the underlying clock, adjusted to the
            time zone of this object.
    content.vb: Public Function GetCurrentLocalDateTime() As LocalDateTime
  overload: NodaTime.ZonedClock.GetCurrentLocalDateTime*
- uid: NodaTime.ZonedClock.GetCurrentOffsetDateTime
  commentId: M:NodaTime.ZonedClock.GetCurrentOffsetDateTime
  id: GetCurrentOffsetDateTime
  parent: NodaTime.ZonedClock
  langs:
  - csharp
  - vb
  name: GetCurrentOffsetDateTime()
  nameWithType: ZonedClock.GetCurrentOffsetDateTime()
  fullName: NodaTime.ZonedClock.GetCurrentOffsetDateTime()
  type: Method
  assemblies:
  - NodaTime
  namespace: NodaTime
  summary: >-
    Returns the offset date/time of the current instant provided by the underlying clock, adjusted

    to the time zone of this object.
  example: []
  syntax:
    content: public OffsetDateTime GetCurrentOffsetDateTime()
    return:
      type: NodaTime.OffsetDateTime
      description: >-
        The offset date/time of the current instant provided by the underlying clock, adjusted to the
            time zone of this object.
    content.vb: Public Function GetCurrentOffsetDateTime() As OffsetDateTime
  overload: NodaTime.ZonedClock.GetCurrentOffsetDateTime*
- uid: NodaTime.ZonedClock.GetCurrentDate
  commentId: M:NodaTime.ZonedClock.GetCurrentDate
  id: GetCurrentDate
  parent: NodaTime.ZonedClock
  langs:
  - csharp
  - vb
  name: GetCurrentDate()
  nameWithType: ZonedClock.GetCurrentDate()
  fullName: NodaTime.ZonedClock.GetCurrentDate()
  type: Method
  assemblies:
  - NodaTime
  namespace: NodaTime
  summary: >-
    Returns the local date of the current instant provided by the underlying clock, adjusted

    to the time zone of this object.
  example: []
  syntax:
    content: public LocalDate GetCurrentDate()
    return:
      type: NodaTime.LocalDate
      description: >-
        The local date of the current instant provided by the underlying clock, adjusted to the
            time zone of this object.
    content.vb: Public Function GetCurrentDate() As LocalDate
  overload: NodaTime.ZonedClock.GetCurrentDate*
- uid: NodaTime.ZonedClock.GetCurrentTimeOfDay
  commentId: M:NodaTime.ZonedClock.GetCurrentTimeOfDay
  id: GetCurrentTimeOfDay
  parent: NodaTime.ZonedClock
  langs:
  - csharp
  - vb
  name: GetCurrentTimeOfDay()
  nameWithType: ZonedClock.GetCurrentTimeOfDay()
  fullName: NodaTime.ZonedClock.GetCurrentTimeOfDay()
  type: Method
  assemblies:
  - NodaTime
  namespace: NodaTime
  summary: >-
    Returns the local time of the current instant provided by the underlying clock, adjusted

    to the time zone of this object.
  example: []
  syntax:
    content: public LocalTime GetCurrentTimeOfDay()
    return:
      type: NodaTime.LocalTime
      description: >-
        The local time of the current instant provided by the underlying clock, adjusted to the
            time zone of this object.
    content.vb: Public Function GetCurrentTimeOfDay() As LocalTime
  overload: NodaTime.ZonedClock.GetCurrentTimeOfDay*
references:
- uid: NodaTime.IClock
  commentId: T:NodaTime.IClock
  parent: NodaTime
  href: NodaTime.IClock.html
  name: IClock
  nameWithType: IClock
  fullName: NodaTime.IClock
- uid: NodaTime
  commentId: N:NodaTime
  href: NodaTime.html
  name: NodaTime
  nameWithType: NodaTime
  fullName: NodaTime
- uid: System.Object
  commentId: T:System.Object
  parent: System
  isExternal: true
  href: https://learn.microsoft.com/dotnet/api/system.object
  name: object
  nameWithType: object
  fullName: object
  nameWithType.vb: Object
  fullName.vb: Object
  name.vb: Object
- uid: System.Object.Equals(System.Object)
  commentId: M:System.Object.Equals(System.Object)
  parent: System.Object
  isExternal: true
  href: https://learn.microsoft.com/dotnet/api/system.object.equals#system-object-equals(system-object)
  name: Equals(object)
  nameWithType: object.Equals(object)
  fullName: object.Equals(object)
  nameWithType.vb: Object.Equals(Object)
  fullName.vb: Object.Equals(Object)
  name.vb: Equals(Object)
  spec.csharp:
  - uid: System.Object.Equals(System.Object)
    name: Equals
    isExternal: true
    href: https://learn.microsoft.com/dotnet/api/system.object.equals#system-object-equals(system-object)
  - name: (
  - uid: System.Object
    name: object
    isExternal: true
    href: https://learn.microsoft.com/dotnet/api/system.object
  - name: )
  spec.vb:
  - uid: System.Object.Equals(System.Object)
    name: Equals
    isExternal: true
    href: https://learn.microsoft.com/dotnet/api/system.object.equals#system-object-equals(system-object)
  - name: (
  - uid: System.Object
    name: Object
    isExternal: true
    href: https://learn.microsoft.com/dotnet/api/system.object
  - name: )
- uid: System.Object.Equals(System.Object,System.Object)
  commentId: M:System.Object.Equals(System.Object,System.Object)
  parent: System.Object
  isExternal: true
  href: https://learn.microsoft.com/dotnet/api/system.object.equals#system-object-equals(system-object-system-object)
  name: Equals(object, object)
  nameWithType: object.Equals(object, object)
  fullName: object.Equals(object, object)
  nameWithType.vb: Object.Equals(Object, Object)
  fullName.vb: Object.Equals(Object, Object)
  name.vb: Equals(Object, Object)
  spec.csharp:
  - uid: System.Object.Equals(System.Object,System.Object)
    name: Equals
    isExternal: true
    href: https://learn.microsoft.com/dotnet/api/system.object.equals#system-object-equals(system-object-system-object)
  - name: (
  - uid: System.Object
    name: object
    isExternal: true
    href: https://learn.microsoft.com/dotnet/api/system.object
  - name: ','
  - name: " "
  - uid: System.Object
    name: object
    isExternal: true
    href: https://learn.microsoft.com/dotnet/api/system.object
  - name: )
  spec.vb:
  - uid: System.Object.Equals(System.Object,System.Object)
    name: Equals
    isExternal: true
    href: https://learn.microsoft.com/dotnet/api/system.object.equals#system-object-equals(system-object-system-object)
  - name: (
  - uid: System.Object
    name: Object
    isExternal: true
    href: https://learn.microsoft.com/dotnet/api/system.object
  - name: ','
  - name: " "
  - uid: System.Object
    name: Object
    isExternal: true
    href: https://learn.microsoft.com/dotnet/api/system.object
  - name: )
- uid: System.Object.GetHashCode
  commentId: M:System.Object.GetHashCode
  parent: System.Object
  isExternal: true
  href: https://learn.microsoft.com/dotnet/api/system.object.gethashcode
  name: GetHashCode()
  nameWithType: object.GetHashCode()
  fullName: object.GetHashCode()
  nameWithType.vb: Object.GetHashCode()
  fullName.vb: Object.GetHashCode()
  spec.csharp:
  - uid: System.Object.GetHashCode
    name: GetHashCode
    isExternal: true
    href: https://learn.microsoft.com/dotnet/api/system.object.gethashcode
  - name: (
  - name: )
  spec.vb:
  - uid: System.Object.GetHashCode
    name: GetHashCode
    isExternal: true
    href: https://learn.microsoft.com/dotnet/api/system.object.gethashcode
  - name: (
  - name: )
- uid: System.Object.GetType
  commentId: M:System.Object.GetType
  parent: System.Object
  isExternal: true
  href: https://learn.microsoft.com/dotnet/api/system.object.gettype
  name: GetType()
  nameWithType: object.GetType()
  fullName: object.GetType()
  nameWithType.vb: Object.GetType()
  fullName.vb: Object.GetType()
  spec.csharp:
  - uid: System.Object.GetType
    name: GetType
    isExternal: true
    href: https://learn.microsoft.com/dotnet/api/system.object.gettype
  - name: (
  - name: )
  spec.vb:
  - uid: System.Object.GetType
    name: GetType
    isExternal: true
    href: https://learn.microsoft.com/dotnet/api/system.object.gettype
  - name: (
  - name: )
- uid: System.Object.ReferenceEquals(System.Object,System.Object)
  commentId: M:System.Object.ReferenceEquals(System.Object,System.Object)
  parent: System.Object
  isExternal: true
  href: https://learn.microsoft.com/dotnet/api/system.object.referenceequals
  name: ReferenceEquals(object, object)
  nameWithType: object.ReferenceEquals(object, object)
  fullName: object.ReferenceEquals(object, object)
  nameWithType.vb: Object.ReferenceEquals(Object, Object)
  fullName.vb: Object.ReferenceEquals(Object, Object)
  name.vb: ReferenceEquals(Object, Object)
  spec.csharp:
  - uid: System.Object.ReferenceEquals(System.Object,System.Object)
    name: ReferenceEquals
    isExternal: true
    href: https://learn.microsoft.com/dotnet/api/system.object.referenceequals
  - name: (
  - uid: System.Object
    name: object
    isExternal: true
    href: https://learn.microsoft.com/dotnet/api/system.object
  - name: ','
  - name: " "
  - uid: System.Object
    name: object
    isExternal: true
    href: https://learn.microsoft.com/dotnet/api/system.object
  - name: )
  spec.vb:
  - uid: System.Object.ReferenceEquals(System.Object,System.Object)
    name: ReferenceEquals
    isExternal: true
    href: https://learn.microsoft.com/dotnet/api/system.object.referenceequals
  - name: (
  - uid: System.Object
    name: Object
    isExternal: true
    href: https://learn.microsoft.com/dotnet/api/system.object
  - name: ','
  - name: " "
  - uid: System.Object
    name: Object
    isExternal: true
    href: https://learn.microsoft.com/dotnet/api/system.object
  - name: )
- uid: System.Object.ToString
  commentId: M:System.Object.ToString
  parent: System.Object
  isExternal: true
  href: https://learn.microsoft.com/dotnet/api/system.object.tostring
  name: ToString()
  nameWithType: object.ToString()
  fullName: object.ToString()
  nameWithType.vb: Object.ToString()
  fullName.vb: Object.ToString()
  spec.csharp:
  - uid: System.Object.ToString
    name: ToString
    isExternal: true
    href: https://learn.microsoft.com/dotnet/api/system.object.tostring
  - name: (
  - name: )
  spec.vb:
  - uid: System.Object.ToString
    name: ToString
    isExternal: true
    href: https://learn.microsoft.com/dotnet/api/system.object.tostring
  - name: (
  - name: )
- uid: NodaTime.IClock.NodaTime.Extensions.ClockExtensions.InBclSystemDefaultZone
  commentId: M:NodaTime.Extensions.ClockExtensions.InBclSystemDefaultZone(NodaTime.IClock)
  parent: NodaTime.Extensions.ClockExtensions
  definition: NodaTime.Extensions.ClockExtensions.InBclSystemDefaultZone(NodaTime.IClock)
  href: NodaTime.Extensions.ClockExtensions.html#NodaTime_Extensions_ClockExtensions_InBclSystemDefaultZone_NodaTime_IClock_
  name: InBclSystemDefaultZone(IClock)
  nameWithType: ClockExtensions.InBclSystemDefaultZone(IClock)
  fullName: NodaTime.Extensions.ClockExtensions.InBclSystemDefaultZone(NodaTime.IClock)
  spec.csharp:
  - uid: NodaTime.Extensions.ClockExtensions.InBclSystemDefaultZone(NodaTime.IClock)
    name: InBclSystemDefaultZone
    href: NodaTime.Extensions.ClockExtensions.html#NodaTime_Extensions_ClockExtensions_InBclSystemDefaultZone_NodaTime_IClock_
  - name: (
  - uid: NodaTime.IClock
    name: IClock
    href: NodaTime.IClock.html
  - name: )
  spec.vb:
  - uid: NodaTime.Extensions.ClockExtensions.InBclSystemDefaultZone(NodaTime.IClock)
    name: InBclSystemDefaultZone
    href: NodaTime.Extensions.ClockExtensions.html#NodaTime_Extensions_ClockExtensions_InBclSystemDefaultZone_NodaTime_IClock_
  - name: (
  - uid: NodaTime.IClock
    name: IClock
    href: NodaTime.IClock.html
  - name: )
- uid: NodaTime.IClock.NodaTime.Extensions.ClockExtensions.InTzdbSystemDefaultZone
  commentId: M:NodaTime.Extensions.ClockExtensions.InTzdbSystemDefaultZone(NodaTime.IClock)
  parent: NodaTime.Extensions.ClockExtensions
  definition: NodaTime.Extensions.ClockExtensions.InTzdbSystemDefaultZone(NodaTime.IClock)
  href: NodaTime.Extensions.ClockExtensions.html#NodaTime_Extensions_ClockExtensions_InTzdbSystemDefaultZone_NodaTime_IClock_
  name: InTzdbSystemDefaultZone(IClock)
  nameWithType: ClockExtensions.InTzdbSystemDefaultZone(IClock)
  fullName: NodaTime.Extensions.ClockExtensions.InTzdbSystemDefaultZone(NodaTime.IClock)
  spec.csharp:
  - uid: NodaTime.Extensions.ClockExtensions.InTzdbSystemDefaultZone(NodaTime.IClock)
    name: InTzdbSystemDefaultZone
    href: NodaTime.Extensions.ClockExtensions.html#NodaTime_Extensions_ClockExtensions_InTzdbSystemDefaultZone_NodaTime_IClock_
  - name: (
  - uid: NodaTime.IClock
    name: IClock
    href: NodaTime.IClock.html
  - name: )
  spec.vb:
  - uid: NodaTime.Extensions.ClockExtensions.InTzdbSystemDefaultZone(NodaTime.IClock)
    name: InTzdbSystemDefaultZone
    href: NodaTime.Extensions.ClockExtensions.html#NodaTime_Extensions_ClockExtensions_InTzdbSystemDefaultZone_NodaTime_IClock_
  - name: (
  - uid: NodaTime.IClock
    name: IClock
    href: NodaTime.IClock.html
  - name: )
- uid: NodaTime.IClock.NodaTime.Extensions.ClockExtensions.InUtc
  commentId: M:NodaTime.Extensions.ClockExtensions.InUtc(NodaTime.IClock)
  parent: NodaTime.Extensions.ClockExtensions
  definition: NodaTime.Extensions.ClockExtensions.InUtc(NodaTime.IClock)
  href: NodaTime.Extensions.ClockExtensions.html#NodaTime_Extensions_ClockExtensions_InUtc_NodaTime_IClock_
  name: InUtc(IClock)
  nameWithType: ClockExtensions.InUtc(IClock)
  fullName: NodaTime.Extensions.ClockExtensions.InUtc(NodaTime.IClock)
  spec.csharp:
  - uid: NodaTime.Extensions.ClockExtensions.InUtc(NodaTime.IClock)
    name: InUtc
    href: NodaTime.Extensions.ClockExtensions.html#NodaTime_Extensions_ClockExtensions_InUtc_NodaTime_IClock_
  - name: (
  - uid: NodaTime.IClock
    name: IClock
    href: NodaTime.IClock.html
  - name: )
  spec.vb:
  - uid: NodaTime.Extensions.ClockExtensions.InUtc(NodaTime.IClock)
    name: InUtc
    href: NodaTime.Extensions.ClockExtensions.html#NodaTime_Extensions_ClockExtensions_InUtc_NodaTime_IClock_
  - name: (
  - uid: NodaTime.IClock
    name: IClock
    href: NodaTime.IClock.html
  - name: )
- uid: NodaTime.IClock.NodaTime.Extensions.ClockExtensions.InZone(NodaTime.DateTimeZone)
  commentId: M:NodaTime.Extensions.ClockExtensions.InZone(NodaTime.IClock,NodaTime.DateTimeZone)
  parent: NodaTime.Extensions.ClockExtensions
  definition: NodaTime.Extensions.ClockExtensions.InZone(NodaTime.IClock,NodaTime.DateTimeZone)
  href: NodaTime.Extensions.ClockExtensions.html#NodaTime_Extensions_ClockExtensions_InZone_NodaTime_IClock_NodaTime_DateTimeZone_
  name: InZone(IClock, DateTimeZone)
  nameWithType: ClockExtensions.InZone(IClock, DateTimeZone)
  fullName: NodaTime.Extensions.ClockExtensions.InZone(NodaTime.IClock, NodaTime.DateTimeZone)
  spec.csharp:
  - uid: NodaTime.Extensions.ClockExtensions.InZone(NodaTime.IClock,NodaTime.DateTimeZone)
    name: InZone
    href: NodaTime.Extensions.ClockExtensions.html#NodaTime_Extensions_ClockExtensions_InZone_NodaTime_IClock_NodaTime_DateTimeZone_
  - name: (
  - uid: NodaTime.IClock
    name: IClock
    href: NodaTime.IClock.html
  - name: ','
  - name: " "
  - uid: NodaTime.DateTimeZone
    name: DateTimeZone
    href: NodaTime.DateTimeZone.html
  - name: )
  spec.vb:
  - uid: NodaTime.Extensions.ClockExtensions.InZone(NodaTime.IClock,NodaTime.DateTimeZone)
    name: InZone
    href: NodaTime.Extensions.ClockExtensions.html#NodaTime_Extensions_ClockExtensions_InZone_NodaTime_IClock_NodaTime_DateTimeZone_
  - name: (
  - uid: NodaTime.IClock
    name: IClock
    href: NodaTime.IClock.html
  - name: ','
  - name: " "
  - uid: NodaTime.DateTimeZone
    name: DateTimeZone
    href: NodaTime.DateTimeZone.html
  - name: )
- uid: NodaTime.IClock.NodaTime.Extensions.ClockExtensions.InZone(NodaTime.DateTimeZone,NodaTime.CalendarSystem)
  commentId: M:NodaTime.Extensions.ClockExtensions.InZone(NodaTime.IClock,NodaTime.DateTimeZone,NodaTime.CalendarSystem)
  parent: NodaTime.Extensions.ClockExtensions
  definition: NodaTime.Extensions.ClockExtensions.InZone(NodaTime.IClock,NodaTime.DateTimeZone,NodaTime.CalendarSystem)
  href: NodaTime.Extensions.ClockExtensions.html#NodaTime_Extensions_ClockExtensions_InZone_NodaTime_IClock_NodaTime_DateTimeZone_NodaTime_CalendarSystem_
  name: InZone(IClock, DateTimeZone, CalendarSystem)
  nameWithType: ClockExtensions.InZone(IClock, DateTimeZone, CalendarSystem)
  fullName: NodaTime.Extensions.ClockExtensions.InZone(NodaTime.IClock, NodaTime.DateTimeZone, NodaTime.CalendarSystem)
  spec.csharp:
  - uid: NodaTime.Extensions.ClockExtensions.InZone(NodaTime.IClock,NodaTime.DateTimeZone,NodaTime.CalendarSystem)
    name: InZone
    href: NodaTime.Extensions.ClockExtensions.html#NodaTime_Extensions_ClockExtensions_InZone_NodaTime_IClock_NodaTime_DateTimeZone_NodaTime_CalendarSystem_
  - name: (
  - uid: NodaTime.IClock
    name: IClock
    href: NodaTime.IClock.html
  - name: ','
  - name: " "
  - uid: NodaTime.DateTimeZone
    name: DateTimeZone
    href: NodaTime.DateTimeZone.html
  - name: ','
  - name: " "
  - uid: NodaTime.CalendarSystem
    name: CalendarSystem
    href: NodaTime.CalendarSystem.html
  - name: )
  spec.vb:
  - uid: NodaTime.Extensions.ClockExtensions.InZone(NodaTime.IClock,NodaTime.DateTimeZone,NodaTime.CalendarSystem)
    name: InZone
    href: NodaTime.Extensions.ClockExtensions.html#NodaTime_Extensions_ClockExtensions_InZone_NodaTime_IClock_NodaTime_DateTimeZone_NodaTime_CalendarSystem_
  - name: (
  - uid: NodaTime.IClock
    name: IClock
    href: NodaTime.IClock.html
  - name: ','
  - name: " "
  - uid: NodaTime.DateTimeZone
    name: DateTimeZone
    href: NodaTime.DateTimeZone.html
  - name: ','
  - name: " "
  - uid: NodaTime.CalendarSystem
    name: CalendarSystem
    href: NodaTime.CalendarSystem.html
  - name: )
- uid: System
  commentId: N:System
  isExternal: true
  href: https://learn.microsoft.com/dotnet/api/system
  name: System
  nameWithType: System
  fullName: System
- uid: NodaTime.Extensions.ClockExtensions.InBclSystemDefaultZone(NodaTime.IClock)
  commentId: M:NodaTime.Extensions.ClockExtensions.InBclSystemDefaultZone(NodaTime.IClock)
  href: NodaTime.Extensions.ClockExtensions.html#NodaTime_Extensions_ClockExtensions_InBclSystemDefaultZone_NodaTime_IClock_
  name: InBclSystemDefaultZone(IClock)
  nameWithType: ClockExtensions.InBclSystemDefaultZone(IClock)
  fullName: NodaTime.Extensions.ClockExtensions.InBclSystemDefaultZone(NodaTime.IClock)
  spec.csharp:
  - uid: NodaTime.Extensions.ClockExtensions.InBclSystemDefaultZone(NodaTime.IClock)
    name: InBclSystemDefaultZone
    href: NodaTime.Extensions.ClockExtensions.html#NodaTime_Extensions_ClockExtensions_InBclSystemDefaultZone_NodaTime_IClock_
  - name: (
  - uid: NodaTime.IClock
    name: IClock
    href: NodaTime.IClock.html
  - name: )
  spec.vb:
  - uid: NodaTime.Extensions.ClockExtensions.InBclSystemDefaultZone(NodaTime.IClock)
    name: InBclSystemDefaultZone
    href: NodaTime.Extensions.ClockExtensions.html#NodaTime_Extensions_ClockExtensions_InBclSystemDefaultZone_NodaTime_IClock_
  - name: (
  - uid: NodaTime.IClock
    name: IClock
    href: NodaTime.IClock.html
  - name: )
- uid: NodaTime.Extensions.ClockExtensions
  commentId: T:NodaTime.Extensions.ClockExtensions
  parent: NodaTime.Extensions
  href: NodaTime.Extensions.ClockExtensions.html
  name: ClockExtensions
  nameWithType: ClockExtensions
  fullName: NodaTime.Extensions.ClockExtensions
- uid: NodaTime.Extensions.ClockExtensions.InTzdbSystemDefaultZone(NodaTime.IClock)
  commentId: M:NodaTime.Extensions.ClockExtensions.InTzdbSystemDefaultZone(NodaTime.IClock)
  href: NodaTime.Extensions.ClockExtensions.html#NodaTime_Extensions_ClockExtensions_InTzdbSystemDefaultZone_NodaTime_IClock_
  name: InTzdbSystemDefaultZone(IClock)
  nameWithType: ClockExtensions.InTzdbSystemDefaultZone(IClock)
  fullName: NodaTime.Extensions.ClockExtensions.InTzdbSystemDefaultZone(NodaTime.IClock)
  spec.csharp:
  - uid: NodaTime.Extensions.ClockExtensions.InTzdbSystemDefaultZone(NodaTime.IClock)
    name: InTzdbSystemDefaultZone
    href: NodaTime.Extensions.ClockExtensions.html#NodaTime_Extensions_ClockExtensions_InTzdbSystemDefaultZone_NodaTime_IClock_
  - name: (
  - uid: NodaTime.IClock
    name: IClock
    href: NodaTime.IClock.html
  - name: )
  spec.vb:
  - uid: NodaTime.Extensions.ClockExtensions.InTzdbSystemDefaultZone(NodaTime.IClock)
    name: InTzdbSystemDefaultZone
    href: NodaTime.Extensions.ClockExtensions.html#NodaTime_Extensions_ClockExtensions_InTzdbSystemDefaultZone_NodaTime_IClock_
  - name: (
  - uid: NodaTime.IClock
    name: IClock
    href: NodaTime.IClock.html
  - name: )
- uid: NodaTime.Extensions.ClockExtensions.InUtc(NodaTime.IClock)
  commentId: M:NodaTime.Extensions.ClockExtensions.InUtc(NodaTime.IClock)
  href: NodaTime.Extensions.ClockExtensions.html#NodaTime_Extensions_ClockExtensions_InUtc_NodaTime_IClock_
  name: InUtc(IClock)
  nameWithType: ClockExtensions.InUtc(IClock)
  fullName: NodaTime.Extensions.ClockExtensions.InUtc(NodaTime.IClock)
  spec.csharp:
  - uid: NodaTime.Extensions.ClockExtensions.InUtc(NodaTime.IClock)
    name: InUtc
    href: NodaTime.Extensions.ClockExtensions.html#NodaTime_Extensions_ClockExtensions_InUtc_NodaTime_IClock_
  - name: (
  - uid: NodaTime.IClock
    name: IClock
    href: NodaTime.IClock.html
  - name: )
  spec.vb:
  - uid: NodaTime.Extensions.ClockExtensions.InUtc(NodaTime.IClock)
    name: InUtc
    href: NodaTime.Extensions.ClockExtensions.html#NodaTime_Extensions_ClockExtensions_InUtc_NodaTime_IClock_
  - name: (
  - uid: NodaTime.IClock
    name: IClock
    href: NodaTime.IClock.html
  - name: )
- uid: NodaTime.Extensions.ClockExtensions.InZone(NodaTime.IClock,NodaTime.DateTimeZone)
  commentId: M:NodaTime.Extensions.ClockExtensions.InZone(NodaTime.IClock,NodaTime.DateTimeZone)
  href: NodaTime.Extensions.ClockExtensions.html#NodaTime_Extensions_ClockExtensions_InZone_NodaTime_IClock_NodaTime_DateTimeZone_
  name: InZone(IClock, DateTimeZone)
  nameWithType: ClockExtensions.InZone(IClock, DateTimeZone)
  fullName: NodaTime.Extensions.ClockExtensions.InZone(NodaTime.IClock, NodaTime.DateTimeZone)
  spec.csharp:
  - uid: NodaTime.Extensions.ClockExtensions.InZone(NodaTime.IClock,NodaTime.DateTimeZone)
    name: InZone
    href: NodaTime.Extensions.ClockExtensions.html#NodaTime_Extensions_ClockExtensions_InZone_NodaTime_IClock_NodaTime_DateTimeZone_
  - name: (
  - uid: NodaTime.IClock
    name: IClock
    href: NodaTime.IClock.html
  - name: ','
  - name: " "
  - uid: NodaTime.DateTimeZone
    name: DateTimeZone
    href: NodaTime.DateTimeZone.html
  - name: )
  spec.vb:
  - uid: NodaTime.Extensions.ClockExtensions.InZone(NodaTime.IClock,NodaTime.DateTimeZone)
    name: InZone
    href: NodaTime.Extensions.ClockExtensions.html#NodaTime_Extensions_ClockExtensions_InZone_NodaTime_IClock_NodaTime_DateTimeZone_
  - name: (
  - uid: NodaTime.IClock
    name: IClock
    href: NodaTime.IClock.html
  - name: ','
  - name: " "
  - uid: NodaTime.DateTimeZone
    name: DateTimeZone
    href: NodaTime.DateTimeZone.html
  - name: )
- uid: NodaTime.Extensions.ClockExtensions.InZone(NodaTime.IClock,NodaTime.DateTimeZone,NodaTime.CalendarSystem)
  commentId: M:NodaTime.Extensions.ClockExtensions.InZone(NodaTime.IClock,NodaTime.DateTimeZone,NodaTime.CalendarSystem)
  href: NodaTime.Extensions.ClockExtensions.html#NodaTime_Extensions_ClockExtensions_InZone_NodaTime_IClock_NodaTime_DateTimeZone_NodaTime_CalendarSystem_
  name: InZone(IClock, DateTimeZone, CalendarSystem)
  nameWithType: ClockExtensions.InZone(IClock, DateTimeZone, CalendarSystem)
  fullName: NodaTime.Extensions.ClockExtensions.InZone(NodaTime.IClock, NodaTime.DateTimeZone, NodaTime.CalendarSystem)
  spec.csharp:
  - uid: NodaTime.Extensions.ClockExtensions.InZone(NodaTime.IClock,NodaTime.DateTimeZone,NodaTime.CalendarSystem)
    name: InZone
    href: NodaTime.Extensions.ClockExtensions.html#NodaTime_Extensions_ClockExtensions_InZone_NodaTime_IClock_NodaTime_DateTimeZone_NodaTime_CalendarSystem_
  - name: (
  - uid: NodaTime.IClock
    name: IClock
    href: NodaTime.IClock.html
  - name: ','
  - name: " "
  - uid: NodaTime.DateTimeZone
    name: DateTimeZone
    href: NodaTime.DateTimeZone.html
  - name: ','
  - name: " "
  - uid: NodaTime.CalendarSystem
    name: CalendarSystem
    href: NodaTime.CalendarSystem.html
  - name: )
  spec.vb:
  - uid: NodaTime.Extensions.ClockExtensions.InZone(NodaTime.IClock,NodaTime.DateTimeZone,NodaTime.CalendarSystem)
    name: InZone
    href: NodaTime.Extensions.ClockExtensions.html#NodaTime_Extensions_ClockExtensions_InZone_NodaTime_IClock_NodaTime_DateTimeZone_NodaTime_CalendarSystem_
  - name: (
  - uid: NodaTime.IClock
    name: IClock
    href: NodaTime.IClock.html
  - name: ','
  - name: " "
  - uid: NodaTime.DateTimeZone
    name: DateTimeZone
    href: NodaTime.DateTimeZone.html
  - name: ','
  - name: " "
  - uid: NodaTime.CalendarSystem
    name: CalendarSystem
    href: NodaTime.CalendarSystem.html
  - name: )
- uid: NodaTime.Extensions
  commentId: N:NodaTime.Extensions
  href: NodaTime.html
  name: NodaTime.Extensions
  nameWithType: NodaTime.Extensions
  fullName: NodaTime.Extensions
  spec.csharp:
  - uid: NodaTime
    name: NodaTime
    href: NodaTime.html
  - name: .
  - uid: NodaTime.Extensions
    name: Extensions
    href: NodaTime.Extensions.html
  spec.vb:
  - uid: NodaTime
    name: NodaTime
    href: NodaTime.html
  - name: .
  - uid: NodaTime.Extensions
    name: Extensions
    href: NodaTime.Extensions.html
- uid: NodaTime.ZonedClock.Clock*
  commentId: Overload:NodaTime.ZonedClock.Clock
  href: NodaTime.ZonedClock.html#NodaTime_ZonedClock_Clock
  name: Clock
  nameWithType: ZonedClock.Clock
  fullName: NodaTime.ZonedClock.Clock
- uid: NodaTime.ZonedClock.Zone*
  commentId: Overload:NodaTime.ZonedClock.Zone
  href: NodaTime.ZonedClock.html#NodaTime_ZonedClock_Zone
  name: Zone
  nameWithType: ZonedClock.Zone
  fullName: NodaTime.ZonedClock.Zone
- uid: NodaTime.DateTimeZone
  commentId: T:NodaTime.DateTimeZone
  parent: NodaTime
  href: NodaTime.DateTimeZone.html
  name: DateTimeZone
  nameWithType: DateTimeZone
  fullName: NodaTime.DateTimeZone
- uid: NodaTime.ZonedClock.Calendar*
  commentId: Overload:NodaTime.ZonedClock.Calendar
  href: NodaTime.ZonedClock.html#NodaTime_ZonedClock_Calendar
  name: Calendar
  nameWithType: ZonedClock.Calendar
  fullName: NodaTime.ZonedClock.Calendar
- uid: NodaTime.CalendarSystem
  commentId: T:NodaTime.CalendarSystem
  parent: NodaTime
  href: NodaTime.CalendarSystem.html
  name: CalendarSystem
  nameWithType: CalendarSystem
  fullName: NodaTime.CalendarSystem
- uid: NodaTime.ZonedClock
  commentId: T:NodaTime.ZonedClock
  parent: NodaTime
  href: NodaTime.ZonedClock.html
  name: ZonedClock
  nameWithType: ZonedClock
  fullName: NodaTime.ZonedClock
- uid: NodaTime.ZonedClock.#ctor*
  commentId: Overload:NodaTime.ZonedClock.#ctor
  href: NodaTime.ZonedClock.html#NodaTime_ZonedClock__ctor_NodaTime_IClock_NodaTime_DateTimeZone_NodaTime_CalendarSystem_
  name: ZonedClock
  nameWithType: ZonedClock.ZonedClock
  fullName: NodaTime.ZonedClock.ZonedClock
  nameWithType.vb: ZonedClock.New
  fullName.vb: NodaTime.ZonedClock.New
  name.vb: New
- uid: NodaTime.ZonedClock.GetCurrentInstant*
  commentId: Overload:NodaTime.ZonedClock.GetCurrentInstant
  href: NodaTime.ZonedClock.html#NodaTime_ZonedClock_GetCurrentInstant
  name: GetCurrentInstant
  nameWithType: ZonedClock.GetCurrentInstant
  fullName: NodaTime.ZonedClock.GetCurrentInstant
- uid: NodaTime.IClock.GetCurrentInstant
  commentId: M:NodaTime.IClock.GetCurrentInstant
  parent: NodaTime.IClock
  href: NodaTime.IClock.html#NodaTime_IClock_GetCurrentInstant
  name: GetCurrentInstant()
  nameWithType: IClock.GetCurrentInstant()
  fullName: NodaTime.IClock.GetCurrentInstant()
  spec.csharp:
  - uid: NodaTime.IClock.GetCurrentInstant
    name: GetCurrentInstant
    href: NodaTime.IClock.html#NodaTime_IClock_GetCurrentInstant
  - name: (
  - name: )
  spec.vb:
  - uid: NodaTime.IClock.GetCurrentInstant
    name: GetCurrentInstant
    href: NodaTime.IClock.html#NodaTime_IClock_GetCurrentInstant
  - name: (
  - name: )
- uid: NodaTime.Instant
  commentId: T:NodaTime.Instant
  parent: NodaTime
  href: NodaTime.Instant.html
  name: Instant
  nameWithType: Instant
  fullName: NodaTime.Instant
- uid: NodaTime.ZonedClock.GetCurrentZonedDateTime*
  commentId: Overload:NodaTime.ZonedClock.GetCurrentZonedDateTime
  href: NodaTime.ZonedClock.html#NodaTime_ZonedClock_GetCurrentZonedDateTime
  name: GetCurrentZonedDateTime
  nameWithType: ZonedClock.GetCurrentZonedDateTime
  fullName: NodaTime.ZonedClock.GetCurrentZonedDateTime
- uid: NodaTime.ZonedDateTime
  commentId: T:NodaTime.ZonedDateTime
  parent: NodaTime
  href: NodaTime.ZonedDateTime.html
  name: ZonedDateTime
  nameWithType: ZonedDateTime
  fullName: NodaTime.ZonedDateTime
- uid: NodaTime.ZonedClock.GetCurrentLocalDateTime*
  commentId: Overload:NodaTime.ZonedClock.GetCurrentLocalDateTime
  href: NodaTime.ZonedClock.html#NodaTime_ZonedClock_GetCurrentLocalDateTime
  name: GetCurrentLocalDateTime
  nameWithType: ZonedClock.GetCurrentLocalDateTime
  fullName: NodaTime.ZonedClock.GetCurrentLocalDateTime
- uid: NodaTime.LocalDateTime
  commentId: T:NodaTime.LocalDateTime
  parent: NodaTime
  href: NodaTime.LocalDateTime.html
  name: LocalDateTime
  nameWithType: LocalDateTime
  fullName: NodaTime.LocalDateTime
- uid: NodaTime.ZonedClock.GetCurrentOffsetDateTime*
  commentId: Overload:NodaTime.ZonedClock.GetCurrentOffsetDateTime
  href: NodaTime.ZonedClock.html#NodaTime_ZonedClock_GetCurrentOffsetDateTime
  name: GetCurrentOffsetDateTime
  nameWithType: ZonedClock.GetCurrentOffsetDateTime
  fullName: NodaTime.ZonedClock.GetCurrentOffsetDateTime
- uid: NodaTime.OffsetDateTime
  commentId: T:NodaTime.OffsetDateTime
  parent: NodaTime
  href: NodaTime.OffsetDateTime.html
  name: OffsetDateTime
  nameWithType: OffsetDateTime
  fullName: NodaTime.OffsetDateTime
- uid: NodaTime.ZonedClock.GetCurrentDate*
  commentId: Overload:NodaTime.ZonedClock.GetCurrentDate
  href: NodaTime.ZonedClock.html#NodaTime_ZonedClock_GetCurrentDate
  name: GetCurrentDate
  nameWithType: ZonedClock.GetCurrentDate
  fullName: NodaTime.ZonedClock.GetCurrentDate
- uid: NodaTime.LocalDate
  commentId: T:NodaTime.LocalDate
  parent: NodaTime
  href: NodaTime.LocalDate.html
  name: LocalDate
  nameWithType: LocalDate
  fullName: NodaTime.LocalDate
- uid: NodaTime.ZonedClock.GetCurrentTimeOfDay*
  commentId: Overload:NodaTime.ZonedClock.GetCurrentTimeOfDay
  href: NodaTime.ZonedClock.html#NodaTime_ZonedClock_GetCurrentTimeOfDay
  name: GetCurrentTimeOfDay
  nameWithType: ZonedClock.GetCurrentTimeOfDay
  fullName: NodaTime.ZonedClock.GetCurrentTimeOfDay
- uid: NodaTime.LocalTime
  commentId: T:NodaTime.LocalTime
  parent: NodaTime
  href: NodaTime.LocalTime.html
  name: LocalTime
  nameWithType: LocalTime
  fullName: NodaTime.LocalTime
shouldSkipMarkup: true
