### YamlMime:ManagedReference
items:
- uid: NodaTime.IClock
  commentId: T:NodaTime.IClock
  id: IClock
  parent: NodaTime
  children:
  - NodaTime.IClock.GetCurrentInstant
  langs:
  - csharp
  - vb
  name: IClock
  nameWithType: IClock
  fullName: NodaTime.IClock
  type: Interface
  source:
    remote:
      path: 2.2.x/src/NodaTime/IClock.cs
      branch: history
      repo: https://github.com/nodatime/nodatime.git
    id: IClock
    path: src/NodaTime/IClock.cs
    startLine: 24
  assemblies:
  - NodaTime
  namespace: NodaTime
  summary: "\nRepresents a clock which can return the current time as an <xref href=\"NodaTime.Instant\" data-throw-if-not-resolved=\"false\"></xref>.\n"
  remarks: "\n<xref href=\"NodaTime.IClock\" data-throw-if-not-resolved=\"false\"></xref> is intended for use anywhere you need to have access to the current time.\nAlthough it&apos;s not strictly incorrect to call <code>SystemClock.Instance.GetCurrentInstant()</code> directly,\nin the same way as you might call <xref href=\"System.DateTime.UtcNow\" data-throw-if-not-resolved=\"false\"></xref>, it&apos;s strongly discouraged\nas a matter of style for production code. We recommend providing an instance of <xref href=\"NodaTime.IClock\" data-throw-if-not-resolved=\"false\"></xref>\nto anything that needs it, which allows you to write tests using the fake clock in the NodaTime.Testing\nassembly (or your own implementation).\n"
  example: []
  syntax:
    content: public interface IClock
    content.vb: Public Interface IClock
  seealso:
  - linkId: NodaTime.SystemClock
    commentId: T:NodaTime.SystemClock
  - linkId: NodaTime.Testing.FakeClock
    commentId: T:NodaTime.Testing.FakeClock
  extensionMethods:
  - NodaTime.IClock.NodaTime.Extensions.ClockExtensions.InZone(NodaTime.DateTimeZone)
  - NodaTime.IClock.NodaTime.Extensions.ClockExtensions.InZone(NodaTime.DateTimeZone,NodaTime.CalendarSystem)
  - NodaTime.IClock.NodaTime.Extensions.ClockExtensions.InUtc
  - NodaTime.IClock.NodaTime.Extensions.ClockExtensions.InTzdbSystemDefaultZone
  - NodaTime.IClock.NodaTime.Extensions.ClockExtensions.InBclSystemDefaultZone
  modifiers.csharp:
  - public
  - interface
  modifiers.vb:
  - Public
  - Interface
- uid: NodaTime.IClock.GetCurrentInstant
  commentId: M:NodaTime.IClock.GetCurrentInstant
  id: GetCurrentInstant
  parent: NodaTime.IClock
  langs:
  - csharp
  - vb
  name: GetCurrentInstant()
  nameWithType: IClock.GetCurrentInstant()
  fullName: NodaTime.IClock.GetCurrentInstant()
  type: Method
  source:
    remote:
      path: 2.2.x/src/NodaTime/IClock.cs
      branch: history
      repo: https://github.com/nodatime/nodatime.git
    id: GetCurrentInstant
    path: src/NodaTime/IClock.cs
    startLine: 30
  assemblies:
  - NodaTime
  namespace: NodaTime
  summary: "\nGets the current <xref href=\"NodaTime.Instant\" data-throw-if-not-resolved=\"false\"></xref> on the time line according to this clock.\n"
  example: []
  syntax:
    content: Instant GetCurrentInstant()
    return:
      type: NodaTime.Instant
      description: The current instant on the time line according to this clock.
    content.vb: Function GetCurrentInstant As Instant
  overload: NodaTime.IClock.GetCurrentInstant*
references:
- uid: NodaTime.Instant
  commentId: T:NodaTime.Instant
  parent: NodaTime
  name: Instant
  nameWithType: Instant
  fullName: NodaTime.Instant
- uid: NodaTime.IClock
  commentId: T:NodaTime.IClock
  parent: NodaTime
  name: IClock
  nameWithType: IClock
  fullName: NodaTime.IClock
- uid: System.DateTime.UtcNow
  commentId: P:System.DateTime.UtcNow
  isExternal: true
- uid: NodaTime.SystemClock
  commentId: T:NodaTime.SystemClock
  parent: NodaTime
  name: SystemClock
  nameWithType: SystemClock
  fullName: NodaTime.SystemClock
- uid: NodaTime.Testing.FakeClock
  commentId: T:NodaTime.Testing.FakeClock
  parent: NodaTime.Testing
  name: FakeClock
  nameWithType: FakeClock
  fullName: NodaTime.Testing.FakeClock
- uid: NodaTime
  commentId: N:NodaTime
  name: NodaTime
  nameWithType: NodaTime
  fullName: NodaTime
- uid: NodaTime.IClock.NodaTime.Extensions.ClockExtensions.InZone(NodaTime.DateTimeZone)
  commentId: M:NodaTime.Extensions.ClockExtensions.InZone(NodaTime.IClock,NodaTime.DateTimeZone)
  parent: NodaTime.Extensions.ClockExtensions
  definition: NodaTime.Extensions.ClockExtensions.InZone(NodaTime.IClock,NodaTime.DateTimeZone)
  name: InZone(DateTimeZone)
  nameWithType: ClockExtensions.InZone(DateTimeZone)
  fullName: NodaTime.Extensions.ClockExtensions.InZone(NodaTime.DateTimeZone)
  spec.csharp:
  - uid: NodaTime.Extensions.ClockExtensions.InZone(NodaTime.DateTimeZone)
    name: InZone
    nameWithType: ClockExtensions.InZone
    fullName: NodaTime.Extensions.ClockExtensions.InZone
  - name: (
    nameWithType: (
    fullName: (
  - uid: NodaTime.DateTimeZone
    name: DateTimeZone
    nameWithType: DateTimeZone
    fullName: NodaTime.DateTimeZone
  - name: )
    nameWithType: )
    fullName: )
  spec.vb:
  - uid: NodaTime.Extensions.ClockExtensions.InZone(NodaTime.DateTimeZone)
    name: InZone
    nameWithType: ClockExtensions.InZone
    fullName: NodaTime.Extensions.ClockExtensions.InZone
  - name: (
    nameWithType: (
    fullName: (
  - uid: NodaTime.DateTimeZone
    name: DateTimeZone
    nameWithType: DateTimeZone
    fullName: NodaTime.DateTimeZone
  - name: )
    nameWithType: )
    fullName: )
- uid: NodaTime.IClock.NodaTime.Extensions.ClockExtensions.InZone(NodaTime.DateTimeZone,NodaTime.CalendarSystem)
  commentId: M:NodaTime.Extensions.ClockExtensions.InZone(NodaTime.IClock,NodaTime.DateTimeZone,NodaTime.CalendarSystem)
  parent: NodaTime.Extensions.ClockExtensions
  definition: NodaTime.Extensions.ClockExtensions.InZone(NodaTime.IClock,NodaTime.DateTimeZone,NodaTime.CalendarSystem)
  name: InZone(DateTimeZone, CalendarSystem)
  nameWithType: ClockExtensions.InZone(DateTimeZone, CalendarSystem)
  fullName: NodaTime.Extensions.ClockExtensions.InZone(NodaTime.DateTimeZone, NodaTime.CalendarSystem)
  spec.csharp:
  - uid: NodaTime.Extensions.ClockExtensions.InZone(NodaTime.DateTimeZone,NodaTime.CalendarSystem)
    name: InZone
    nameWithType: ClockExtensions.InZone
    fullName: NodaTime.Extensions.ClockExtensions.InZone
  - name: (
    nameWithType: (
    fullName: (
  - uid: NodaTime.DateTimeZone
    name: DateTimeZone
    nameWithType: DateTimeZone
    fullName: NodaTime.DateTimeZone
  - name: ', '
    nameWithType: ', '
    fullName: ', '
  - uid: NodaTime.CalendarSystem
    name: CalendarSystem
    nameWithType: CalendarSystem
    fullName: NodaTime.CalendarSystem
  - name: )
    nameWithType: )
    fullName: )
  spec.vb:
  - uid: NodaTime.Extensions.ClockExtensions.InZone(NodaTime.DateTimeZone,NodaTime.CalendarSystem)
    name: InZone
    nameWithType: ClockExtensions.InZone
    fullName: NodaTime.Extensions.ClockExtensions.InZone
  - name: (
    nameWithType: (
    fullName: (
  - uid: NodaTime.DateTimeZone
    name: DateTimeZone
    nameWithType: DateTimeZone
    fullName: NodaTime.DateTimeZone
  - name: ', '
    nameWithType: ', '
    fullName: ', '
  - uid: NodaTime.CalendarSystem
    name: CalendarSystem
    nameWithType: CalendarSystem
    fullName: NodaTime.CalendarSystem
  - name: )
    nameWithType: )
    fullName: )
- uid: NodaTime.IClock.NodaTime.Extensions.ClockExtensions.InUtc
  commentId: M:NodaTime.Extensions.ClockExtensions.InUtc(NodaTime.IClock)
  parent: NodaTime.Extensions.ClockExtensions
  definition: NodaTime.Extensions.ClockExtensions.InUtc(NodaTime.IClock)
  name: InUtc()
  nameWithType: ClockExtensions.InUtc()
  fullName: NodaTime.Extensions.ClockExtensions.InUtc()
  spec.csharp:
  - uid: NodaTime.Extensions.ClockExtensions.InUtc
    name: InUtc
    nameWithType: ClockExtensions.InUtc
    fullName: NodaTime.Extensions.ClockExtensions.InUtc
  - name: (
    nameWithType: (
    fullName: (
  - name: )
    nameWithType: )
    fullName: )
  spec.vb:
  - uid: NodaTime.Extensions.ClockExtensions.InUtc
    name: InUtc
    nameWithType: ClockExtensions.InUtc
    fullName: NodaTime.Extensions.ClockExtensions.InUtc
  - name: (
    nameWithType: (
    fullName: (
  - name: )
    nameWithType: )
    fullName: )
- uid: NodaTime.IClock.NodaTime.Extensions.ClockExtensions.InTzdbSystemDefaultZone
  commentId: M:NodaTime.Extensions.ClockExtensions.InTzdbSystemDefaultZone(NodaTime.IClock)
  parent: NodaTime.Extensions.ClockExtensions
  definition: NodaTime.Extensions.ClockExtensions.InTzdbSystemDefaultZone(NodaTime.IClock)
  name: InTzdbSystemDefaultZone()
  nameWithType: ClockExtensions.InTzdbSystemDefaultZone()
  fullName: NodaTime.Extensions.ClockExtensions.InTzdbSystemDefaultZone()
  spec.csharp:
  - uid: NodaTime.Extensions.ClockExtensions.InTzdbSystemDefaultZone
    name: InTzdbSystemDefaultZone
    nameWithType: ClockExtensions.InTzdbSystemDefaultZone
    fullName: NodaTime.Extensions.ClockExtensions.InTzdbSystemDefaultZone
  - name: (
    nameWithType: (
    fullName: (
  - name: )
    nameWithType: )
    fullName: )
  spec.vb:
  - uid: NodaTime.Extensions.ClockExtensions.InTzdbSystemDefaultZone
    name: InTzdbSystemDefaultZone
    nameWithType: ClockExtensions.InTzdbSystemDefaultZone
    fullName: NodaTime.Extensions.ClockExtensions.InTzdbSystemDefaultZone
  - name: (
    nameWithType: (
    fullName: (
  - name: )
    nameWithType: )
    fullName: )
- uid: NodaTime.IClock.NodaTime.Extensions.ClockExtensions.InBclSystemDefaultZone
  commentId: M:NodaTime.Extensions.ClockExtensions.InBclSystemDefaultZone(NodaTime.IClock)
  parent: NodaTime.Extensions.ClockExtensions
  definition: NodaTime.Extensions.ClockExtensions.InBclSystemDefaultZone(NodaTime.IClock)
  name: InBclSystemDefaultZone()
  nameWithType: ClockExtensions.InBclSystemDefaultZone()
  fullName: NodaTime.Extensions.ClockExtensions.InBclSystemDefaultZone()
  spec.csharp:
  - uid: NodaTime.Extensions.ClockExtensions.InBclSystemDefaultZone
    name: InBclSystemDefaultZone
    nameWithType: ClockExtensions.InBclSystemDefaultZone
    fullName: NodaTime.Extensions.ClockExtensions.InBclSystemDefaultZone
  - name: (
    nameWithType: (
    fullName: (
  - name: )
    nameWithType: )
    fullName: )
  spec.vb:
  - uid: NodaTime.Extensions.ClockExtensions.InBclSystemDefaultZone
    name: InBclSystemDefaultZone
    nameWithType: ClockExtensions.InBclSystemDefaultZone
    fullName: NodaTime.Extensions.ClockExtensions.InBclSystemDefaultZone
  - name: (
    nameWithType: (
    fullName: (
  - name: )
    nameWithType: )
    fullName: )
- uid: NodaTime.Testing
  commentId: N:NodaTime.Testing
  name: NodaTime.Testing
  nameWithType: NodaTime.Testing
  fullName: NodaTime.Testing
- uid: NodaTime.Extensions.ClockExtensions.InZone(NodaTime.IClock,NodaTime.DateTimeZone)
  commentId: M:NodaTime.Extensions.ClockExtensions.InZone(NodaTime.IClock,NodaTime.DateTimeZone)
  name: InZone(IClock, DateTimeZone)
  nameWithType: ClockExtensions.InZone(IClock, DateTimeZone)
  fullName: NodaTime.Extensions.ClockExtensions.InZone(NodaTime.IClock, NodaTime.DateTimeZone)
  spec.csharp:
  - uid: NodaTime.Extensions.ClockExtensions.InZone(NodaTime.IClock,NodaTime.DateTimeZone)
    name: InZone
    nameWithType: ClockExtensions.InZone
    fullName: NodaTime.Extensions.ClockExtensions.InZone
  - name: (
    nameWithType: (
    fullName: (
  - uid: NodaTime.IClock
    name: IClock
    nameWithType: IClock
    fullName: NodaTime.IClock
  - name: ', '
    nameWithType: ', '
    fullName: ', '
  - uid: NodaTime.DateTimeZone
    name: DateTimeZone
    nameWithType: DateTimeZone
    fullName: NodaTime.DateTimeZone
  - name: )
    nameWithType: )
    fullName: )
  spec.vb:
  - uid: NodaTime.Extensions.ClockExtensions.InZone(NodaTime.IClock,NodaTime.DateTimeZone)
    name: InZone
    nameWithType: ClockExtensions.InZone
    fullName: NodaTime.Extensions.ClockExtensions.InZone
  - name: (
    nameWithType: (
    fullName: (
  - uid: NodaTime.IClock
    name: IClock
    nameWithType: IClock
    fullName: NodaTime.IClock
  - name: ', '
    nameWithType: ', '
    fullName: ', '
  - uid: NodaTime.DateTimeZone
    name: DateTimeZone
    nameWithType: DateTimeZone
    fullName: NodaTime.DateTimeZone
  - name: )
    nameWithType: )
    fullName: )
- uid: NodaTime.Extensions.ClockExtensions
  commentId: T:NodaTime.Extensions.ClockExtensions
  parent: NodaTime.Extensions
  name: ClockExtensions
  nameWithType: ClockExtensions
  fullName: NodaTime.Extensions.ClockExtensions
- uid: NodaTime.Extensions.ClockExtensions.InZone(NodaTime.IClock,NodaTime.DateTimeZone,NodaTime.CalendarSystem)
  commentId: M:NodaTime.Extensions.ClockExtensions.InZone(NodaTime.IClock,NodaTime.DateTimeZone,NodaTime.CalendarSystem)
  name: InZone(IClock, DateTimeZone, CalendarSystem)
  nameWithType: ClockExtensions.InZone(IClock, DateTimeZone, CalendarSystem)
  fullName: NodaTime.Extensions.ClockExtensions.InZone(NodaTime.IClock, NodaTime.DateTimeZone, NodaTime.CalendarSystem)
  spec.csharp:
  - uid: NodaTime.Extensions.ClockExtensions.InZone(NodaTime.IClock,NodaTime.DateTimeZone,NodaTime.CalendarSystem)
    name: InZone
    nameWithType: ClockExtensions.InZone
    fullName: NodaTime.Extensions.ClockExtensions.InZone
  - name: (
    nameWithType: (
    fullName: (
  - uid: NodaTime.IClock
    name: IClock
    nameWithType: IClock
    fullName: NodaTime.IClock
  - name: ', '
    nameWithType: ', '
    fullName: ', '
  - uid: NodaTime.DateTimeZone
    name: DateTimeZone
    nameWithType: DateTimeZone
    fullName: NodaTime.DateTimeZone
  - name: ', '
    nameWithType: ', '
    fullName: ', '
  - uid: NodaTime.CalendarSystem
    name: CalendarSystem
    nameWithType: CalendarSystem
    fullName: NodaTime.CalendarSystem
  - name: )
    nameWithType: )
    fullName: )
  spec.vb:
  - uid: NodaTime.Extensions.ClockExtensions.InZone(NodaTime.IClock,NodaTime.DateTimeZone,NodaTime.CalendarSystem)
    name: InZone
    nameWithType: ClockExtensions.InZone
    fullName: NodaTime.Extensions.ClockExtensions.InZone
  - name: (
    nameWithType: (
    fullName: (
  - uid: NodaTime.IClock
    name: IClock
    nameWithType: IClock
    fullName: NodaTime.IClock
  - name: ', '
    nameWithType: ', '
    fullName: ', '
  - uid: NodaTime.DateTimeZone
    name: DateTimeZone
    nameWithType: DateTimeZone
    fullName: NodaTime.DateTimeZone
  - name: ', '
    nameWithType: ', '
    fullName: ', '
  - uid: NodaTime.CalendarSystem
    name: CalendarSystem
    nameWithType: CalendarSystem
    fullName: NodaTime.CalendarSystem
  - name: )
    nameWithType: )
    fullName: )
- uid: NodaTime.Extensions.ClockExtensions.InUtc(NodaTime.IClock)
  commentId: M:NodaTime.Extensions.ClockExtensions.InUtc(NodaTime.IClock)
  name: InUtc(IClock)
  nameWithType: ClockExtensions.InUtc(IClock)
  fullName: NodaTime.Extensions.ClockExtensions.InUtc(NodaTime.IClock)
  spec.csharp:
  - uid: NodaTime.Extensions.ClockExtensions.InUtc(NodaTime.IClock)
    name: InUtc
    nameWithType: ClockExtensions.InUtc
    fullName: NodaTime.Extensions.ClockExtensions.InUtc
  - name: (
    nameWithType: (
    fullName: (
  - uid: NodaTime.IClock
    name: IClock
    nameWithType: IClock
    fullName: NodaTime.IClock
  - name: )
    nameWithType: )
    fullName: )
  spec.vb:
  - uid: NodaTime.Extensions.ClockExtensions.InUtc(NodaTime.IClock)
    name: InUtc
    nameWithType: ClockExtensions.InUtc
    fullName: NodaTime.Extensions.ClockExtensions.InUtc
  - name: (
    nameWithType: (
    fullName: (
  - uid: NodaTime.IClock
    name: IClock
    nameWithType: IClock
    fullName: NodaTime.IClock
  - name: )
    nameWithType: )
    fullName: )
- uid: NodaTime.Extensions.ClockExtensions.InTzdbSystemDefaultZone(NodaTime.IClock)
  commentId: M:NodaTime.Extensions.ClockExtensions.InTzdbSystemDefaultZone(NodaTime.IClock)
  name: InTzdbSystemDefaultZone(IClock)
  nameWithType: ClockExtensions.InTzdbSystemDefaultZone(IClock)
  fullName: NodaTime.Extensions.ClockExtensions.InTzdbSystemDefaultZone(NodaTime.IClock)
  spec.csharp:
  - uid: NodaTime.Extensions.ClockExtensions.InTzdbSystemDefaultZone(NodaTime.IClock)
    name: InTzdbSystemDefaultZone
    nameWithType: ClockExtensions.InTzdbSystemDefaultZone
    fullName: NodaTime.Extensions.ClockExtensions.InTzdbSystemDefaultZone
  - name: (
    nameWithType: (
    fullName: (
  - uid: NodaTime.IClock
    name: IClock
    nameWithType: IClock
    fullName: NodaTime.IClock
  - name: )
    nameWithType: )
    fullName: )
  spec.vb:
  - uid: NodaTime.Extensions.ClockExtensions.InTzdbSystemDefaultZone(NodaTime.IClock)
    name: InTzdbSystemDefaultZone
    nameWithType: ClockExtensions.InTzdbSystemDefaultZone
    fullName: NodaTime.Extensions.ClockExtensions.InTzdbSystemDefaultZone
  - name: (
    nameWithType: (
    fullName: (
  - uid: NodaTime.IClock
    name: IClock
    nameWithType: IClock
    fullName: NodaTime.IClock
  - name: )
    nameWithType: )
    fullName: )
- uid: NodaTime.Extensions.ClockExtensions.InBclSystemDefaultZone(NodaTime.IClock)
  commentId: M:NodaTime.Extensions.ClockExtensions.InBclSystemDefaultZone(NodaTime.IClock)
  name: InBclSystemDefaultZone(IClock)
  nameWithType: ClockExtensions.InBclSystemDefaultZone(IClock)
  fullName: NodaTime.Extensions.ClockExtensions.InBclSystemDefaultZone(NodaTime.IClock)
  spec.csharp:
  - uid: NodaTime.Extensions.ClockExtensions.InBclSystemDefaultZone(NodaTime.IClock)
    name: InBclSystemDefaultZone
    nameWithType: ClockExtensions.InBclSystemDefaultZone
    fullName: NodaTime.Extensions.ClockExtensions.InBclSystemDefaultZone
  - name: (
    nameWithType: (
    fullName: (
  - uid: NodaTime.IClock
    name: IClock
    nameWithType: IClock
    fullName: NodaTime.IClock
  - name: )
    nameWithType: )
    fullName: )
  spec.vb:
  - uid: NodaTime.Extensions.ClockExtensions.InBclSystemDefaultZone(NodaTime.IClock)
    name: InBclSystemDefaultZone
    nameWithType: ClockExtensions.InBclSystemDefaultZone
    fullName: NodaTime.Extensions.ClockExtensions.InBclSystemDefaultZone
  - name: (
    nameWithType: (
    fullName: (
  - uid: NodaTime.IClock
    name: IClock
    nameWithType: IClock
    fullName: NodaTime.IClock
  - name: )
    nameWithType: )
    fullName: )
- uid: NodaTime.Extensions
  commentId: N:NodaTime.Extensions
  name: NodaTime.Extensions
  nameWithType: NodaTime.Extensions
  fullName: NodaTime.Extensions
- uid: NodaTime.IClock.GetCurrentInstant*
  commentId: Overload:NodaTime.IClock.GetCurrentInstant
  name: GetCurrentInstant
  nameWithType: IClock.GetCurrentInstant
  fullName: NodaTime.IClock.GetCurrentInstant
shouldSkipMarkup: true
