### YamlMime:ManagedReference
items:
- uid: NodaTime.SystemClock
  commentId: T:NodaTime.SystemClock
  id: SystemClock
  parent: NodaTime
  children:
  - NodaTime.SystemClock.Instance
  - NodaTime.SystemClock.Now
  langs:
  - csharp
  - vb
  name: SystemClock
  nameWithType: SystemClock
  fullName: NodaTime.SystemClock
  type: Class
  source:
    remote:
      path: 1.0.x/src/NodaTime/SystemClock.cs
      branch: history
      repo: https://github.com/nodatime/nodatime.git
    id: SystemClock
    path: src/NodaTime/SystemClock.cs
    startLine: 28
  assemblies:
  - NodaTime
  namespace: NodaTime
  summary: "\nSingleton implementation of <xref href=\"NodaTime.IClock\" data-throw-if-not-resolved=\"false\"></xref> which reads the current system time.\nIt is recommended that for anything other than throwaway code, this is only referenced\nin a single place in your code: where you provide a value to inject into the rest of\nyour application, which should only depend on the interface.\n"
  example: []
  syntax:
    content: 'public sealed class SystemClock : IClock'
    content.vb: >-
      Public NotInheritable Class SystemClock
          Implements IClock
  inheritance:
  - System.Object
  implements:
  - NodaTime.IClock
  inheritedMembers:
  - System.Object.ToString
  - System.Object.Equals(System.Object)
  - System.Object.Equals(System.Object,System.Object)
  - System.Object.ReferenceEquals(System.Object,System.Object)
  - System.Object.GetHashCode
  - System.Object.GetType
  - System.Object.MemberwiseClone
  modifiers.csharp:
  - public
  - sealed
  - class
  modifiers.vb:
  - Public
  - NotInheritable
  - Class
- uid: NodaTime.SystemClock.Instance
  commentId: F:NodaTime.SystemClock.Instance
  id: Instance
  parent: NodaTime.SystemClock
  langs:
  - csharp
  - vb
  name: Instance
  nameWithType: SystemClock.Instance
  fullName: NodaTime.SystemClock.Instance
  type: Field
  source:
    remote:
      path: 1.0.x/src/NodaTime/SystemClock.cs
      branch: history
      repo: https://github.com/nodatime/nodatime.git
    id: Instance
    path: src/NodaTime/SystemClock.cs
    startLine: 34
  assemblies:
  - NodaTime
  namespace: NodaTime
  summary: "\nThe singleton instance of <xref href=\"NodaTime.SystemClock\" data-throw-if-not-resolved=\"false\"></xref>.\n"
  example: []
  syntax:
    content: public static readonly SystemClock Instance
    return:
      type: NodaTime.SystemClock
      description: The singleton instance of <xref href="NodaTime.SystemClock" data-throw-if-not-resolved="false"></xref>.
    content.vb: Public Shared ReadOnly Instance As SystemClock
  modifiers.csharp:
  - public
  - static
  - readonly
  modifiers.vb:
  - Public
  - Shared
  - ReadOnly
- uid: NodaTime.SystemClock.Now
  commentId: P:NodaTime.SystemClock.Now
  id: Now
  parent: NodaTime.SystemClock
  langs:
  - csharp
  - vb
  name: Now
  nameWithType: SystemClock.Now
  fullName: NodaTime.SystemClock.Now
  type: Property
  source:
    remote:
      path: 1.0.x/src/NodaTime/SystemClock.cs
      branch: history
      repo: https://github.com/nodatime/nodatime.git
    id: Now
    path: src/NodaTime/SystemClock.cs
    startLine: 47
  assemblies:
  - NodaTime
  namespace: NodaTime
  summary: "\nGets the current time as an <xref href=\"NodaTime.Instant\" data-throw-if-not-resolved=\"false\"></xref>.\n"
  example: []
  syntax:
    content: public Instant Now { get; }
    parameters: []
    return:
      type: NodaTime.Instant
      description: The current time in ticks as an <xref href="NodaTime.Instant" data-throw-if-not-resolved="false"></xref>.
    content.vb: Public ReadOnly Property Now As Instant
  overload: NodaTime.SystemClock.Now*
  implements:
  - NodaTime.IClock.Now
  modifiers.csharp:
  - public
  - get
  modifiers.vb:
  - Public
  - ReadOnly
references:
- uid: NodaTime.IClock
  commentId: T:NodaTime.IClock
  parent: NodaTime
  name: IClock
  nameWithType: IClock
  fullName: NodaTime.IClock
- uid: NodaTime
  commentId: N:NodaTime
  name: NodaTime
  nameWithType: NodaTime
  fullName: NodaTime
- uid: System.Object
  commentId: T:System.Object
  parent: System
  isExternal: true
  name: Object
  nameWithType: Object
  fullName: System.Object
- uid: System.Object.ToString
  commentId: M:System.Object.ToString
  parent: System.Object
  isExternal: true
  name: ToString()
  nameWithType: Object.ToString()
  fullName: System.Object.ToString()
  spec.csharp:
  - uid: System.Object.ToString
    name: ToString
    nameWithType: Object.ToString
    fullName: System.Object.ToString
    isExternal: true
  - name: (
    nameWithType: (
    fullName: (
  - name: )
    nameWithType: )
    fullName: )
  spec.vb:
  - uid: System.Object.ToString
    name: ToString
    nameWithType: Object.ToString
    fullName: System.Object.ToString
    isExternal: true
  - name: (
    nameWithType: (
    fullName: (
  - name: )
    nameWithType: )
    fullName: )
- uid: System.Object.Equals(System.Object)
  commentId: M:System.Object.Equals(System.Object)
  parent: System.Object
  isExternal: true
  name: Equals(Object)
  nameWithType: Object.Equals(Object)
  fullName: System.Object.Equals(System.Object)
  spec.csharp:
  - uid: System.Object.Equals(System.Object)
    name: Equals
    nameWithType: Object.Equals
    fullName: System.Object.Equals
    isExternal: true
  - name: (
    nameWithType: (
    fullName: (
  - uid: System.Object
    name: Object
    nameWithType: Object
    fullName: System.Object
    isExternal: true
  - name: )
    nameWithType: )
    fullName: )
  spec.vb:
  - uid: System.Object.Equals(System.Object)
    name: Equals
    nameWithType: Object.Equals
    fullName: System.Object.Equals
    isExternal: true
  - name: (
    nameWithType: (
    fullName: (
  - uid: System.Object
    name: Object
    nameWithType: Object
    fullName: System.Object
    isExternal: true
  - name: )
    nameWithType: )
    fullName: )
- uid: System.Object.Equals(System.Object,System.Object)
  commentId: M:System.Object.Equals(System.Object,System.Object)
  parent: System.Object
  isExternal: true
  name: Equals(Object, Object)
  nameWithType: Object.Equals(Object, Object)
  fullName: System.Object.Equals(System.Object, System.Object)
  spec.csharp:
  - uid: System.Object.Equals(System.Object,System.Object)
    name: Equals
    nameWithType: Object.Equals
    fullName: System.Object.Equals
    isExternal: true
  - name: (
    nameWithType: (
    fullName: (
  - uid: System.Object
    name: Object
    nameWithType: Object
    fullName: System.Object
    isExternal: true
  - name: ', '
    nameWithType: ', '
    fullName: ', '
  - uid: System.Object
    name: Object
    nameWithType: Object
    fullName: System.Object
    isExternal: true
  - name: )
    nameWithType: )
    fullName: )
  spec.vb:
  - uid: System.Object.Equals(System.Object,System.Object)
    name: Equals
    nameWithType: Object.Equals
    fullName: System.Object.Equals
    isExternal: true
  - name: (
    nameWithType: (
    fullName: (
  - uid: System.Object
    name: Object
    nameWithType: Object
    fullName: System.Object
    isExternal: true
  - name: ', '
    nameWithType: ', '
    fullName: ', '
  - uid: System.Object
    name: Object
    nameWithType: Object
    fullName: System.Object
    isExternal: true
  - name: )
    nameWithType: )
    fullName: )
- uid: System.Object.ReferenceEquals(System.Object,System.Object)
  commentId: M:System.Object.ReferenceEquals(System.Object,System.Object)
  parent: System.Object
  isExternal: true
  name: ReferenceEquals(Object, Object)
  nameWithType: Object.ReferenceEquals(Object, Object)
  fullName: System.Object.ReferenceEquals(System.Object, System.Object)
  spec.csharp:
  - uid: System.Object.ReferenceEquals(System.Object,System.Object)
    name: ReferenceEquals
    nameWithType: Object.ReferenceEquals
    fullName: System.Object.ReferenceEquals
    isExternal: true
  - name: (
    nameWithType: (
    fullName: (
  - uid: System.Object
    name: Object
    nameWithType: Object
    fullName: System.Object
    isExternal: true
  - name: ', '
    nameWithType: ', '
    fullName: ', '
  - uid: System.Object
    name: Object
    nameWithType: Object
    fullName: System.Object
    isExternal: true
  - name: )
    nameWithType: )
    fullName: )
  spec.vb:
  - uid: System.Object.ReferenceEquals(System.Object,System.Object)
    name: ReferenceEquals
    nameWithType: Object.ReferenceEquals
    fullName: System.Object.ReferenceEquals
    isExternal: true
  - name: (
    nameWithType: (
    fullName: (
  - uid: System.Object
    name: Object
    nameWithType: Object
    fullName: System.Object
    isExternal: true
  - name: ', '
    nameWithType: ', '
    fullName: ', '
  - uid: System.Object
    name: Object
    nameWithType: Object
    fullName: System.Object
    isExternal: true
  - name: )
    nameWithType: )
    fullName: )
- uid: System.Object.GetHashCode
  commentId: M:System.Object.GetHashCode
  parent: System.Object
  isExternal: true
  name: GetHashCode()
  nameWithType: Object.GetHashCode()
  fullName: System.Object.GetHashCode()
  spec.csharp:
  - uid: System.Object.GetHashCode
    name: GetHashCode
    nameWithType: Object.GetHashCode
    fullName: System.Object.GetHashCode
    isExternal: true
  - name: (
    nameWithType: (
    fullName: (
  - name: )
    nameWithType: )
    fullName: )
  spec.vb:
  - uid: System.Object.GetHashCode
    name: GetHashCode
    nameWithType: Object.GetHashCode
    fullName: System.Object.GetHashCode
    isExternal: true
  - name: (
    nameWithType: (
    fullName: (
  - name: )
    nameWithType: )
    fullName: )
- uid: System.Object.GetType
  commentId: M:System.Object.GetType
  parent: System.Object
  isExternal: true
  name: GetType()
  nameWithType: Object.GetType()
  fullName: System.Object.GetType()
  spec.csharp:
  - uid: System.Object.GetType
    name: GetType
    nameWithType: Object.GetType
    fullName: System.Object.GetType
    isExternal: true
  - name: (
    nameWithType: (
    fullName: (
  - name: )
    nameWithType: )
    fullName: )
  spec.vb:
  - uid: System.Object.GetType
    name: GetType
    nameWithType: Object.GetType
    fullName: System.Object.GetType
    isExternal: true
  - name: (
    nameWithType: (
    fullName: (
  - name: )
    nameWithType: )
    fullName: )
- uid: System.Object.MemberwiseClone
  commentId: M:System.Object.MemberwiseClone
  parent: System.Object
  isExternal: true
  name: MemberwiseClone()
  nameWithType: Object.MemberwiseClone()
  fullName: System.Object.MemberwiseClone()
  spec.csharp:
  - uid: System.Object.MemberwiseClone
    name: MemberwiseClone
    nameWithType: Object.MemberwiseClone
    fullName: System.Object.MemberwiseClone
    isExternal: true
  - name: (
    nameWithType: (
    fullName: (
  - name: )
    nameWithType: )
    fullName: )
  spec.vb:
  - uid: System.Object.MemberwiseClone
    name: MemberwiseClone
    nameWithType: Object.MemberwiseClone
    fullName: System.Object.MemberwiseClone
    isExternal: true
  - name: (
    nameWithType: (
    fullName: (
  - name: )
    nameWithType: )
    fullName: )
- uid: System
  commentId: N:System
  isExternal: true
  name: System
  nameWithType: System
  fullName: System
- uid: NodaTime.SystemClock
  commentId: T:NodaTime.SystemClock
  parent: NodaTime
  name: SystemClock
  nameWithType: SystemClock
  fullName: NodaTime.SystemClock
- uid: NodaTime.Instant
  commentId: T:NodaTime.Instant
  parent: NodaTime
  name: Instant
  nameWithType: Instant
  fullName: NodaTime.Instant
- uid: NodaTime.SystemClock.Now*
  commentId: Overload:NodaTime.SystemClock.Now
  name: Now
  nameWithType: SystemClock.Now
  fullName: NodaTime.SystemClock.Now
- uid: NodaTime.IClock.Now
  commentId: P:NodaTime.IClock.Now
  parent: NodaTime.IClock
  name: Now
  nameWithType: IClock.Now
  fullName: NodaTime.IClock.Now
shouldSkipMarkup: true
