<Solution>
  <Project Path="NodaTime.TzValidate.NodaDump/NodaTime.TzValidate.NodaDump.csproj" />
  <Project Path="NodaTime.Web.SmokeTest/NodaTime.Web.SmokeTest.csproj" />
  <Project Path="NodaTime.Web.Test/NodaTime.Web.Test.csproj" />
  <Project Path="NodaTime.Web/NodaTime.Web.csproj" />
</Solution>
